{
  "version": 4,
  "terraform_version": "1.7.5",
  "serial": 102,
  "lineage": "5aa305c4-0fb4-0614-d097-db8b41f2a828",
  "outputs": {},
  "resources": [
    {
      "mode": "managed",
      "type": "aws_instance",
      "name": "nv_instance1",
      "provider": "provider[\"registry.terraform.io/hashicorp/aws\"]",
      "instances": [
        {
          "schema_version": 1,
          "attributes": {
            "ami": "ami-07355fe79b493752d",
            "arn": "arn:aws:ec2:eu-west-1:308948071884:instance/i-03bbf054fdf8430d7",
            "associate_public_ip_address": false,
            "availability_zone": "eu-west-1a",
            "capacity_reservation_specification": [
              {
                "capacity_reservation_preference": "open",
                "capacity_reservation_target": []
              }
            ],
            "cpu_core_count": 1,
            "cpu_options": [
              {
                "amd_sev_snp": "",
                "core_count": 1,
                "threads_per_core": 1
              }
            ],
            "cpu_threads_per_core": 1,
            "credit_specification": [
              {
                "cpu_credits": "standard"
              }
            ],
            "disable_api_stop": false,
            "disable_api_termination": false,
            "ebs_block_device": [],
            "ebs_optimized": false,
            "enclave_options": [
              {
                "enabled": false
              }
            ],
            "ephemeral_block_device": [],
            "get_password_data": false,
            "hibernation": false,
            "host_id": "",
            "host_resource_group_arn": null,
            "iam_instance_profile": "AWSSupportPatchwork-SSMRoleForInstances",
            "id": "i-03bbf054fdf8430d7",
            "instance_initiated_shutdown_behavior": "stop",
            "instance_lifecycle": "",
            "instance_market_options": [],
            "instance_state": "stopped",
            "instance_type": "t2.micro",
            "ipv6_address_count": 0,
            "ipv6_addresses": [],
            "key_name": "nv-public-key2",
            "launch_template": [],
            "maintenance_options": [
              {
                "auto_recovery": "default"
              }
            ],
            "metadata_options": [
              {
                "http_endpoint": "enabled",
                "http_protocol_ipv6": "disabled",
                "http_put_response_hop_limit": 2,
                "http_tokens": "required",
                "instance_metadata_tags": "disabled"
              }
            ],
            "monitoring": false,
            "network_interface": [],
            "outpost_arn": "",
            "password_data": "",
            "placement_group": "",
            "placement_partition_number": 0,
            "primary_network_interface_id": "eni-00389915d7047055a",
            "private_dns": "ip-10-0-0-58.eu-west-1.compute.internal",
            "private_dns_name_options": [
              {
                "enable_resource_name_dns_a_record": false,
                "enable_resource_name_dns_aaaa_record": false,
                "hostname_type": "ip-name"
              }
            ],
            "private_ip": "10.0.0.58",
            "public_dns": "",
            "public_ip": "",
            "root_block_device": [
              {
                "delete_on_termination": true,
                "device_name": "/dev/xvda",
                "encrypted": false,
                "iops": 3000,
                "kms_key_id": "",
                "tags": {},
                "tags_all": {},
                "throughput": 125,
                "volume_id": "vol-00142e626689c0339",
                "volume_size": 8,
                "volume_type": "gp3"
              }
            ],
            "secondary_private_ips": [],
            "security_groups": [],
            "source_dest_check": true,
            "spot_instance_request_id": "",
            "subnet_id": "subnet-0c43d1f71602c614d",
            "tags": {},
            "tags_all": {},
            "tenancy": "default",
            "timeouts": null,
            "user_data": null,
            "user_data_base64": null,
            "user_data_replace_on_change": false,
            "volume_tags": null,
            "vpc_security_group_ids": [
              "sg-088e9565001679cb5"
            ]
          },
          "sensitive_attributes": [],
          "private": "eyJlMmJmYjczMC1lY2FhLTExZTYtOGY4OC0zNDM2M2JjN2M0YzAiOnsiY3JlYXRlIjo2MDAwMDAwMDAwMDAsImRlbGV0ZSI6MTIwMDAwMDAwMDAwMCwicmVhZCI6OTAwMDAwMDAwMDAwLCJ1cGRhdGUiOjYwMDAwMDAwMDAwMH0sInNjaGVtYV92ZXJzaW9uIjoiMSJ9",
          "dependencies": [
            "aws_key_pair.nv_public_key1",
            "aws_security_group.nv_sg_vpc1",
            "aws_subnet.public_subnet_vpc1",
            "aws_vpc.nv_vpc1",
            "local_file.private_key_file1",
            "tls_private_key.nvkey1"
          ]
        }
      ]
    },
    {
      "mode": "managed",
      "type": "aws_instance",
      "name": "nv_instance2",
      "provider": "provider[\"registry.terraform.io/hashicorp/aws\"]",
      "instances": [
        {
          "schema_version": 1,
          "attributes": {
            "ami": "ami-07355fe79b493752d",
            "arn": "arn:aws:ec2:eu-west-1:308948071884:instance/i-07de60162887d643e",
            "associate_public_ip_address": false,
            "availability_zone": "eu-west-1a",
            "capacity_reservation_specification": [
              {
                "capacity_reservation_preference": "open",
                "capacity_reservation_target": []
              }
            ],
            "cpu_core_count": 1,
            "cpu_options": [
              {
                "amd_sev_snp": "",
                "core_count": 1,
                "threads_per_core": 1
              }
            ],
            "cpu_threads_per_core": 1,
            "credit_specification": [
              {
                "cpu_credits": "standard"
              }
            ],
            "disable_api_stop": false,
            "disable_api_termination": false,
            "ebs_block_device": [],
            "ebs_optimized": false,
            "enclave_options": [
              {
                "enabled": false
              }
            ],
            "ephemeral_block_device": [],
            "get_password_data": false,
            "hibernation": false,
            "host_id": "",
            "host_resource_group_arn": null,
            "iam_instance_profile": "AWSSupportPatchwork-SSMRoleForInstances",
            "id": "i-07de60162887d643e",
            "instance_initiated_shutdown_behavior": "stop",
            "instance_lifecycle": "",
            "instance_market_options": [],
            "instance_state": "stopped",
            "instance_type": "t2.micro",
            "ipv6_address_count": 0,
            "ipv6_addresses": [],
            "key_name": "nv-public-key3",
            "launch_template": [],
            "maintenance_options": [
              {
                "auto_recovery": "default"
              }
            ],
            "metadata_options": [
              {
                "http_endpoint": "enabled",
                "http_protocol_ipv6": "disabled",
                "http_put_response_hop_limit": 2,
                "http_tokens": "required",
                "instance_metadata_tags": "disabled"
              }
            ],
            "monitoring": false,
            "network_interface": [],
            "outpost_arn": "",
            "password_data": "",
            "placement_group": "",
            "placement_partition_number": 0,
            "primary_network_interface_id": "eni-048070c93b19a8d13",
            "private_dns": "ip-192-168-0-151.eu-west-1.compute.internal",
            "private_dns_name_options": [
              {
                "enable_resource_name_dns_a_record": false,
                "enable_resource_name_dns_aaaa_record": false,
                "hostname_type": "ip-name"
              }
            ],
            "private_ip": "192.168.0.151",
            "public_dns": "",
            "public_ip": "",
            "root_block_device": [
              {
                "delete_on_termination": true,
                "device_name": "/dev/xvda",
                "encrypted": false,
                "iops": 3000,
                "kms_key_id": "",
                "tags": {},
                "tags_all": {},
                "throughput": 125,
                "volume_id": "vol-04a4b48b943fdf994",
                "volume_size": 8,
                "volume_type": "gp3"
              }
            ],
            "secondary_private_ips": [],
            "security_groups": [],
            "source_dest_check": true,
            "spot_instance_request_id": "",
            "subnet_id": "subnet-06db39332070f1dec",
            "tags": {},
            "tags_all": {},
            "tenancy": "default",
            "timeouts": null,
            "user_data": null,
            "user_data_base64": null,
            "user_data_replace_on_change": false,
            "volume_tags": null,
            "vpc_security_group_ids": [
              "sg-0ddf5bae68b036ccc"
            ]
          },
          "sensitive_attributes": [],
          "private": "eyJlMmJmYjczMC1lY2FhLTExZTYtOGY4OC0zNDM2M2JjN2M0YzAiOnsiY3JlYXRlIjo2MDAwMDAwMDAwMDAsImRlbGV0ZSI6MTIwMDAwMDAwMDAwMCwicmVhZCI6OTAwMDAwMDAwMDAwLCJ1cGRhdGUiOjYwMDAwMDAwMDAwMH0sInNjaGVtYV92ZXJzaW9uIjoiMSJ9",
          "dependencies": [
            "aws_key_pair.nv_public_key2",
            "aws_security_group.nv_sg_vpc2",
            "aws_subnet.public_subnet_vpc2",
            "aws_vpc.nv_vpc2",
            "local_file.private_key_file2",
            "tls_private_key.nvkey2"
          ]
        }
      ]
    },
    {
      "mode": "managed",
      "type": "aws_instance",
      "name": "nv_privateinstance1",
      "provider": "provider[\"registry.terraform.io/hashicorp/aws\"]",
      "instances": [
        {
          "schema_version": 1,
          "attributes": {
            "ami": "ami-07355fe79b493752d",
            "arn": "arn:aws:ec2:eu-west-1:308948071884:instance/i-00c3a422dbf94006a",
            "associate_public_ip_address": false,
            "availability_zone": "eu-west-1c",
            "capacity_reservation_specification": [
              {
                "capacity_reservation_preference": "open",
                "capacity_reservation_target": []
              }
            ],
            "cpu_core_count": 1,
            "cpu_options": [
              {
                "amd_sev_snp": "",
                "core_count": 1,
                "threads_per_core": 1
              }
            ],
            "cpu_threads_per_core": 1,
            "credit_specification": [
              {
                "cpu_credits": "standard"
              }
            ],
            "disable_api_stop": false,
            "disable_api_termination": false,
            "ebs_block_device": [],
            "ebs_optimized": false,
            "enclave_options": [
              {
                "enabled": false
              }
            ],
            "ephemeral_block_device": [],
            "get_password_data": false,
            "hibernation": false,
            "host_id": "",
            "host_resource_group_arn": null,
            "iam_instance_profile": "",
            "id": "i-00c3a422dbf94006a",
            "instance_initiated_shutdown_behavior": "stop",
            "instance_lifecycle": "",
            "instance_market_options": [],
            "instance_state": "running",
            "instance_type": "t2.micro",
            "ipv6_address_count": 0,
            "ipv6_addresses": [],
            "key_name": "nv-public-key2",
            "launch_template": [],
            "maintenance_options": [
              {
                "auto_recovery": "default"
              }
            ],
            "metadata_options": [
              {
                "http_endpoint": "enabled",
                "http_protocol_ipv6": "disabled",
                "http_put_response_hop_limit": 2,
                "http_tokens": "required",
                "instance_metadata_tags": "disabled"
              }
            ],
            "monitoring": false,
            "network_interface": [],
            "outpost_arn": "",
            "password_data": "",
            "placement_group": "",
            "placement_partition_number": 0,
            "primary_network_interface_id": "eni-0de54ab8c40a45206",
            "private_dns": "ip-10-0-1-10.eu-west-1.compute.internal",
            "private_dns_name_options": [
              {
                "enable_resource_name_dns_a_record": false,
                "enable_resource_name_dns_aaaa_record": false,
                "hostname_type": "ip-name"
              }
            ],
            "private_ip": "10.0.1.10",
            "public_dns": "",
            "public_ip": "",
            "root_block_device": [
              {
                "delete_on_termination": true,
                "device_name": "/dev/xvda",
                "encrypted": false,
                "iops": 3000,
                "kms_key_id": "",
                "tags": {},
                "tags_all": {},
                "throughput": 125,
                "volume_id": "vol-0c6553440f475663c",
                "volume_size": 8,
                "volume_type": "gp3"
              }
            ],
            "secondary_private_ips": [],
            "security_groups": [],
            "source_dest_check": true,
            "spot_instance_request_id": "",
            "subnet_id": "subnet-0660ba8110d6a0dce",
            "tags": null,
            "tags_all": {},
            "tenancy": "default",
            "timeouts": null,
            "user_data": "59a9b9f01ab206e26c0361fcd7412bf14ebc899a",
            "user_data_base64": null,
            "user_data_replace_on_change": false,
            "volume_tags": null,
            "vpc_security_group_ids": [
              "sg-088e9565001679cb5"
            ]
          },
          "sensitive_attributes": [],
          "private": "eyJlMmJmYjczMC1lY2FhLTExZTYtOGY4OC0zNDM2M2JjN2M0YzAiOnsiY3JlYXRlIjo2MDAwMDAwMDAwMDAsImRlbGV0ZSI6MTIwMDAwMDAwMDAwMCwicmVhZCI6OTAwMDAwMDAwMDAwLCJ1cGRhdGUiOjYwMDAwMDAwMDAwMH0sInNjaGVtYV92ZXJzaW9uIjoiMSJ9",
          "dependencies": [
            "aws_key_pair.nv_public_key1",
            "aws_security_group.nv_sg_vpc1",
            "aws_subnet.private_subnet_vpc1",
            "aws_vpc.nv_vpc1",
            "tls_private_key.nvkey1"
          ]
        }
      ]
    },
    {
      "mode": "managed",
      "type": "aws_instance",
      "name": "nv_privateinstance2",
      "provider": "provider[\"registry.terraform.io/hashicorp/aws\"]",
      "instances": [
        {
          "schema_version": 1,
          "attributes": {
            "ami": "ami-07355fe79b493752d",
            "arn": "arn:aws:ec2:eu-west-1:308948071884:instance/i-02b72436c242e2e03",
            "associate_public_ip_address": false,
            "availability_zone": "eu-west-1b",
            "capacity_reservation_specification": [
              {
                "capacity_reservation_preference": "open",
                "capacity_reservation_target": []
              }
            ],
            "cpu_core_count": 1,
            "cpu_options": [
              {
                "amd_sev_snp": "",
                "core_count": 1,
                "threads_per_core": 1
              }
            ],
            "cpu_threads_per_core": 1,
            "credit_specification": [
              {
                "cpu_credits": "standard"
              }
            ],
            "disable_api_stop": false,
            "disable_api_termination": false,
            "ebs_block_device": [],
            "ebs_optimized": false,
            "enclave_options": [
              {
                "enabled": false
              }
            ],
            "ephemeral_block_device": [],
            "get_password_data": false,
            "hibernation": false,
            "host_id": "",
            "host_resource_group_arn": null,
            "iam_instance_profile": "",
            "id": "i-02b72436c242e2e03",
            "instance_initiated_shutdown_behavior": "stop",
            "instance_lifecycle": "",
            "instance_market_options": [],
            "instance_state": "running",
            "instance_type": "t2.micro",
            "ipv6_address_count": 0,
            "ipv6_addresses": [],
            "key_name": "nv-public-key3",
            "launch_template": [],
            "maintenance_options": [
              {
                "auto_recovery": "default"
              }
            ],
            "metadata_options": [
              {
                "http_endpoint": "enabled",
                "http_protocol_ipv6": "disabled",
                "http_put_response_hop_limit": 2,
                "http_tokens": "required",
                "instance_metadata_tags": "disabled"
              }
            ],
            "monitoring": false,
            "network_interface": [],
            "outpost_arn": "",
            "password_data": "",
            "placement_group": "",
            "placement_partition_number": 0,
            "primary_network_interface_id": "eni-08aeda5319f262ba1",
            "private_dns": "ip-192-168-1-222.eu-west-1.compute.internal",
            "private_dns_name_options": [
              {
                "enable_resource_name_dns_a_record": false,
                "enable_resource_name_dns_aaaa_record": false,
                "hostname_type": "ip-name"
              }
            ],
            "private_ip": "192.168.1.222",
            "public_dns": "",
            "public_ip": "",
            "root_block_device": [
              {
                "delete_on_termination": true,
                "device_name": "/dev/xvda",
                "encrypted": false,
                "iops": 3000,
                "kms_key_id": "",
                "tags": {},
                "tags_all": {},
                "throughput": 125,
                "volume_id": "vol-0bdaf5b50eb5b9511",
                "volume_size": 8,
                "volume_type": "gp3"
              }
            ],
            "secondary_private_ips": [],
            "security_groups": [],
            "source_dest_check": true,
            "spot_instance_request_id": "",
            "subnet_id": "subnet-0bf883eb54be2eb9e",
            "tags": null,
            "tags_all": {},
            "tenancy": "default",
            "timeouts": null,
            "user_data": "59a9b9f01ab206e26c0361fcd7412bf14ebc899a",
            "user_data_base64": null,
            "user_data_replace_on_change": false,
            "volume_tags": null,
            "vpc_security_group_ids": [
              "sg-0ddf5bae68b036ccc"
            ]
          },
          "sensitive_attributes": [],
          "private": "eyJlMmJmYjczMC1lY2FhLTExZTYtOGY4OC0zNDM2M2JjN2M0YzAiOnsiY3JlYXRlIjo2MDAwMDAwMDAwMDAsImRlbGV0ZSI6MTIwMDAwMDAwMDAwMCwicmVhZCI6OTAwMDAwMDAwMDAwLCJ1cGRhdGUiOjYwMDAwMDAwMDAwMH0sInNjaGVtYV92ZXJzaW9uIjoiMSJ9",
          "dependencies": [
            "aws_key_pair.nv_public_key2",
            "aws_security_group.nv_sg_vpc2",
            "aws_subnet.private_subnet_vpc2",
            "aws_vpc.nv_vpc2",
            "tls_private_key.nvkey2"
          ]
        }
      ]
    },
    {
      "mode": "managed",
      "type": "aws_internet_gateway",
      "name": "nv_igw1",
      "provider": "provider[\"registry.terraform.io/hashicorp/aws\"]",
      "instances": [
        {
          "schema_version": 0,
          "attributes": {
            "arn": "arn:aws:ec2:eu-west-1:308948071884:internet-gateway/igw-00922794395c27f58",
            "id": "igw-00922794395c27f58",
            "owner_id": "308948071884",
            "tags": {},
            "tags_all": {},
            "timeouts": null,
            "vpc_id": "vpc-02a403d0fce02f66c"
          },
          "sensitive_attributes": [],
          "private": "eyJlMmJmYjczMC1lY2FhLTExZTYtOGY4OC0zNDM2M2JjN2M0YzAiOnsiY3JlYXRlIjoxMjAwMDAwMDAwMDAwLCJkZWxldGUiOjEyMDAwMDAwMDAwMDAsInVwZGF0ZSI6MTIwMDAwMDAwMDAwMH19",
          "dependencies": [
            "aws_vpc.nv_vpc1"
          ]
        }
      ]
    },
    {
      "mode": "managed",
      "type": "aws_internet_gateway",
      "name": "nv_igw2",
      "provider": "provider[\"registry.terraform.io/hashicorp/aws\"]",
      "instances": [
        {
          "schema_version": 0,
          "attributes": {
            "arn": "arn:aws:ec2:eu-west-1:308948071884:internet-gateway/igw-03cacce67f01cbfc4",
            "id": "igw-03cacce67f01cbfc4",
            "owner_id": "308948071884",
            "tags": {},
            "tags_all": {},
            "timeouts": null,
            "vpc_id": "vpc-068b88c55dfd93149"
          },
          "sensitive_attributes": [],
          "private": "eyJlMmJmYjczMC1lY2FhLTExZTYtOGY4OC0zNDM2M2JjN2M0YzAiOnsiY3JlYXRlIjoxMjAwMDAwMDAwMDAwLCJkZWxldGUiOjEyMDAwMDAwMDAwMDAsInVwZGF0ZSI6MTIwMDAwMDAwMDAwMH19",
          "dependencies": [
            "aws_vpc.nv_vpc2"
          ]
        }
      ]
    },
    {
      "mode": "managed",
      "type": "aws_key_pair",
      "name": "nv_public_key1",
      "provider": "provider[\"registry.terraform.io/hashicorp/aws\"]",
      "instances": [
        {
          "schema_version": 1,
          "attributes": {
            "arn": "arn:aws:ec2:eu-west-1:308948071884:key-pair/nv-public-key2",
            "fingerprint": "a3:17:fa:6a:fa:40:48:b8:30:0e:fe:4e:5d:cc:eb:70",
            "id": "nv-public-key2",
            "key_name": "nv-public-key2",
            "key_name_prefix": "",
            "key_pair_id": "key-0867e08a7fbc40212",
            "key_type": "rsa",
            "public_key": "ssh-rsa AAAAB3NzaC1yc2EAAAADAQABAAACAQCYD9OZ8cpGBtT1m3tvORH4V+mRFUhZk3UcnNAQXUaPPzCdh2z9Qrs66XTIubSInkvZrm8CI1Yq3nZoW6VCxQOla0e7CDwSqVBt0q7Nji+ax7i7Yc2fvdRTahq6n0pISwOQVK8Gi+apAmvg1QSkyPzVQMtrDoMjKE15rL8UOjsR/uqdNbrhIm2gvEdEJUZOVMXdFxcy0IFLn9IDUhE5b+jMwu1gfVDXwSklvGrDMMDYHyjwmjQNcWaNpGbQnnVtJVRNp52/EpjhYjfIumk6VkO+JWZNC+wV8rjQ9TCWoEY2Wu/EZ7u5SIthhIsEQ+p3gLgEATS4PvT+bAoSsqUYvgGDyBMdHMUykTdSTKtKcWd79VHhS15gTVZRevsCSd5teLAE1WXKUUV8qtJT0etKCNMv3L4xcSqqCFl6cYb1o6ZIR+4lauVpyugj2T7ysCJ3c/1cCTKBYA75IAisQdPc9HAF9dAFlORkYp+wi+eANnOxBMmtuyyywfuKs5bXlvlE+C5OHR+d9pwnNSt+se0Xx+hhp/Xnub0TyDgbtYtAqDemwhdyB7iC8wOce3UfTL2P2tZrjWWxihwPap5T+KtKTLBX7MuWVVF4RbxrchIgbJtoZXozQRr+Q4oOvc5t5iGuQ/lsP9fTUB5FxaF2JBP6FwxQNIl0xmdCDP/uVcPBPNROYQ==",
            "tags": {},
            "tags_all": {}
          },
          "sensitive_attributes": [],
          "private": "eyJzY2hlbWFfdmVyc2lvbiI6IjEifQ==",
          "dependencies": [
            "tls_private_key.nvkey1"
          ]
        }
      ]
    },
    {
      "mode": "managed",
      "type": "aws_key_pair",
      "name": "nv_public_key2",
      "provider": "provider[\"registry.terraform.io/hashicorp/aws\"]",
      "instances": [
        {
          "schema_version": 1,
          "attributes": {
            "arn": "arn:aws:ec2:eu-west-1:308948071884:key-pair/nv-public-key3",
            "fingerprint": "ad:3a:46:0a:b7:85:be:7a:96:da:5e:05:5c:ff:19:e7",
            "id": "nv-public-key3",
            "key_name": "nv-public-key3",
            "key_name_prefix": "",
            "key_pair_id": "key-05ee5e9b41e1448e8",
            "key_type": "rsa",
            "public_key": "ssh-rsa AAAAB3NzaC1yc2EAAAADAQABAAACAQC7B1uZP9otNFLYVOcbM2h/Xsw4hSjjUEZGcQUK8bZ4lqjX0g3tlTxtTQBOGkgbxpv/Xbyt3VNJ4UXD0QlSKGOR+9euxO2YWzKuGVhK9WluYw5mH7IW0Q7mF0fxYa0gjR9Hm86bYSFsHnm5L+o6BfSnn0vVJakV/WcbhReJv9imhmOmhnfxItU2wherZB7H6a5xfONGs/Fr0TqOLIao5J+laQrsHu5DfENGWMEphTi+2nxQ8YdkN70bqdlzZTxjLFHmLO1+NsJxsuX7SVsEpOgyQZ7iFk9o0ElSjuMfsPCJqShfatrL96RQfa65XYcd0vyrKewPuaF9NXC8jRD6HkJo2FADNDDVV9Sfg+2xHb7rfIPtEiS5pSVpkiLfUmKrKTQFtSKGXZEoTl0jeLFkPlmT2hgOM08xhhLCSKbvZ8dVuNBH9zrgpZ+IB7+oIHDS9CJ/w4J4x+FCTwVyNRU0uBMBtuwLy5eRRaC2vi3IEaAk8tdy0k2U4Y+TQhzir//Z0SD7TsUBlVe/4fzzbtVG9mWurA9xRa/Sve84JQw+w7zXRwnBqLFoU1tBA6+CD2Tno54PknSXw20kLxrkhNJEzwN6R+BVPMTRF3PSrMHZMDJ+BWWqTGHo3bW85Je3QVMMIknr8Aa+QX4YUH/Nsn7obBm5B0AgD4+efumD/dFU2Hpi4w==",
            "tags": {},
            "tags_all": {}
          },
          "sensitive_attributes": [],
          "private": "eyJzY2hlbWFfdmVyc2lvbiI6IjEifQ==",
          "dependencies": [
            "tls_private_key.nvkey2"
          ]
        }
      ]
    },
    {
      "mode": "managed",
      "type": "aws_route",
      "name": "route_to_vpc1",
      "provider": "provider[\"registry.terraform.io/hashicorp/aws\"]",
      "instances": [
        {
          "schema_version": 0,
          "attributes": {
            "carrier_gateway_id": "",
            "core_network_arn": "",
            "destination_cidr_block": "10.0.0.0/16",
            "destination_ipv6_cidr_block": "",
            "destination_prefix_list_id": "",
            "egress_only_gateway_id": "",
            "gateway_id": "",
            "id": "r-rtb-072e4e2cb69ab1e57179966490",
            "instance_id": "",
            "instance_owner_id": "",
            "local_gateway_id": "",
            "nat_gateway_id": "",
            "network_interface_id": "",
            "origin": "CreateRoute",
            "route_table_id": "rtb-072e4e2cb69ab1e57",
            "state": "active",
            "timeouts": null,
            "transit_gateway_id": "",
            "vpc_endpoint_id": "",
            "vpc_peering_connection_id": "pcx-0dbe20ff697f6a270"
          },
          "sensitive_attributes": [],
          "private": "eyJlMmJmYjczMC1lY2FhLTExZTYtOGY4OC0zNDM2M2JjN2M0YzAiOnsiY3JlYXRlIjozMDAwMDAwMDAwMDAsImRlbGV0ZSI6MzAwMDAwMDAwMDAwLCJ1cGRhdGUiOjEyMDAwMDAwMDAwMH19",
          "dependencies": [
            "aws_route_table.route_table_vpc2_private",
            "aws_vpc.nv_vpc1",
            "aws_vpc.nv_vpc2",
            "aws_vpc_peering_connection.vpc_peering"
          ]
        }
      ]
    },
    {
      "mode": "managed",
      "type": "aws_route",
      "name": "route_to_vpc2",
      "provider": "provider[\"registry.terraform.io/hashicorp/aws\"]",
      "instances": [
        {
          "schema_version": 0,
          "attributes": {
            "carrier_gateway_id": "",
            "core_network_arn": "",
            "destination_cidr_block": "192.168.0.0/16",
            "destination_ipv6_cidr_block": "",
            "destination_prefix_list_id": "",
            "egress_only_gateway_id": "",
            "gateway_id": "",
            "id": "r-rtb-0e934615e2c77633d3901788224",
            "instance_id": "",
            "instance_owner_id": "",
            "local_gateway_id": "",
            "nat_gateway_id": "",
            "network_interface_id": "",
            "origin": "CreateRoute",
            "route_table_id": "rtb-0e934615e2c77633d",
            "state": "active",
            "timeouts": null,
            "transit_gateway_id": "",
            "vpc_endpoint_id": "",
            "vpc_peering_connection_id": "pcx-0dbe20ff697f6a270"
          },
          "sensitive_attributes": [],
          "private": "eyJlMmJmYjczMC1lY2FhLTExZTYtOGY4OC0zNDM2M2JjN2M0YzAiOnsiY3JlYXRlIjozMDAwMDAwMDAwMDAsImRlbGV0ZSI6MzAwMDAwMDAwMDAwLCJ1cGRhdGUiOjEyMDAwMDAwMDAwMH19",
          "dependencies": [
            "aws_route_table.route_table_vpc1_private",
            "aws_vpc.nv_vpc1",
            "aws_vpc.nv_vpc2",
            "aws_vpc_peering_connection.vpc_peering"
          ]
        }
      ]
    },
    {
      "mode": "managed",
      "type": "aws_route_table",
      "name": "nv_public_route_table1",
      "provider": "provider[\"registry.terraform.io/hashicorp/aws\"]",
      "instances": [
        {
          "schema_version": 0,
          "attributes": {
            "arn": "arn:aws:ec2:eu-west-1:308948071884:route-table/rtb-0d0ed0b553312fcdc",
            "id": "rtb-0d0ed0b553312fcdc",
            "owner_id": "308948071884",
            "propagating_vgws": [],
            "route": [
              {
                "carrier_gateway_id": "",
                "cidr_block": "0.0.0.0/0",
                "core_network_arn": "",
                "destination_prefix_list_id": "",
                "egress_only_gateway_id": "",
                "gateway_id": "igw-00922794395c27f58",
                "ipv6_cidr_block": "",
                "local_gateway_id": "",
                "nat_gateway_id": "",
                "network_interface_id": "",
                "transit_gateway_id": "",
                "vpc_endpoint_id": "",
                "vpc_peering_connection_id": ""
              }
            ],
            "tags": {},
            "tags_all": {},
            "timeouts": null,
            "vpc_id": "vpc-02a403d0fce02f66c"
          },
          "sensitive_attributes": [],
          "private": "eyJlMmJmYjczMC1lY2FhLTExZTYtOGY4OC0zNDM2M2JjN2M0YzAiOnsiY3JlYXRlIjozMDAwMDAwMDAwMDAsImRlbGV0ZSI6MzAwMDAwMDAwMDAwLCJ1cGRhdGUiOjEyMDAwMDAwMDAwMH19",
          "dependencies": [
            "aws_internet_gateway.nv_igw1",
            "aws_vpc.nv_vpc1"
          ]
        }
      ]
    },
    {
      "mode": "managed",
      "type": "aws_route_table",
      "name": "nv_public_route_table2",
      "provider": "provider[\"registry.terraform.io/hashicorp/aws\"]",
      "instances": [
        {
          "schema_version": 0,
          "attributes": {
            "arn": "arn:aws:ec2:eu-west-1:308948071884:route-table/rtb-09b0850ccf9470e5f",
            "id": "rtb-09b0850ccf9470e5f",
            "owner_id": "308948071884",
            "propagating_vgws": [],
            "route": [
              {
                "carrier_gateway_id": "",
                "cidr_block": "0.0.0.0/0",
                "core_network_arn": "",
                "destination_prefix_list_id": "",
                "egress_only_gateway_id": "",
                "gateway_id": "igw-03cacce67f01cbfc4",
                "ipv6_cidr_block": "",
                "local_gateway_id": "",
                "nat_gateway_id": "",
                "network_interface_id": "",
                "transit_gateway_id": "",
                "vpc_endpoint_id": "",
                "vpc_peering_connection_id": ""
              }
            ],
            "tags": {},
            "tags_all": {},
            "timeouts": null,
            "vpc_id": "vpc-068b88c55dfd93149"
          },
          "sensitive_attributes": [],
          "private": "eyJlMmJmYjczMC1lY2FhLTExZTYtOGY4OC0zNDM2M2JjN2M0YzAiOnsiY3JlYXRlIjozMDAwMDAwMDAwMDAsImRlbGV0ZSI6MzAwMDAwMDAwMDAwLCJ1cGRhdGUiOjEyMDAwMDAwMDAwMH19",
          "dependencies": [
            "aws_internet_gateway.nv_igw2",
            "aws_vpc.nv_vpc2"
          ]
        }
      ]
    },
    {
      "mode": "managed",
      "type": "aws_route_table",
      "name": "route_table_vpc1_private",
      "provider": "provider[\"registry.terraform.io/hashicorp/aws\"]",
      "instances": [
        {
          "schema_version": 0,
          "attributes": {
            "arn": "arn:aws:ec2:eu-west-1:308948071884:route-table/rtb-0e934615e2c77633d",
            "id": "rtb-0e934615e2c77633d",
            "owner_id": "308948071884",
            "propagating_vgws": [],
            "route": [
              {
                "carrier_gateway_id": "",
                "cidr_block": "192.168.0.0/16",
                "core_network_arn": "",
                "destination_prefix_list_id": "",
                "egress_only_gateway_id": "",
                "gateway_id": "",
                "ipv6_cidr_block": "",
                "local_gateway_id": "",
                "nat_gateway_id": "",
                "network_interface_id": "",
                "transit_gateway_id": "",
                "vpc_endpoint_id": "",
                "vpc_peering_connection_id": "pcx-0dbe20ff697f6a270"
              }
            ],
            "tags": {},
            "tags_all": {},
            "timeouts": null,
            "vpc_id": "vpc-02a403d0fce02f66c"
          },
          "sensitive_attributes": [],
          "private": "eyJlMmJmYjczMC1lY2FhLTExZTYtOGY4OC0zNDM2M2JjN2M0YzAiOnsiY3JlYXRlIjozMDAwMDAwMDAwMDAsImRlbGV0ZSI6MzAwMDAwMDAwMDAwLCJ1cGRhdGUiOjEyMDAwMDAwMDAwMH19",
          "dependencies": [
            "aws_vpc.nv_vpc1"
          ]
        }
      ]
    },
    {
      "mode": "managed",
      "type": "aws_route_table",
      "name": "route_table_vpc2_private",
      "provider": "provider[\"registry.terraform.io/hashicorp/aws\"]",
      "instances": [
        {
          "schema_version": 0,
          "attributes": {
            "arn": "arn:aws:ec2:eu-west-1:308948071884:route-table/rtb-072e4e2cb69ab1e57",
            "id": "rtb-072e4e2cb69ab1e57",
            "owner_id": "308948071884",
            "propagating_vgws": [],
            "route": [
              {
                "carrier_gateway_id": "",
                "cidr_block": "10.0.0.0/16",
                "core_network_arn": "",
                "destination_prefix_list_id": "",
                "egress_only_gateway_id": "",
                "gateway_id": "",
                "ipv6_cidr_block": "",
                "local_gateway_id": "",
                "nat_gateway_id": "",
                "network_interface_id": "",
                "transit_gateway_id": "",
                "vpc_endpoint_id": "",
                "vpc_peering_connection_id": "pcx-0dbe20ff697f6a270"
              }
            ],
            "tags": {},
            "tags_all": {},
            "timeouts": null,
            "vpc_id": "vpc-068b88c55dfd93149"
          },
          "sensitive_attributes": [],
          "private": "eyJlMmJmYjczMC1lY2FhLTExZTYtOGY4OC0zNDM2M2JjN2M0YzAiOnsiY3JlYXRlIjozMDAwMDAwMDAwMDAsImRlbGV0ZSI6MzAwMDAwMDAwMDAwLCJ1cGRhdGUiOjEyMDAwMDAwMDAwMH19",
          "dependencies": [
            "aws_vpc.nv_vpc2"
          ]
        }
      ]
    },
    {
      "mode": "managed",
      "type": "aws_route_table_association",
      "name": "private_subnet_association_vpc1",
      "provider": "provider[\"registry.terraform.io/hashicorp/aws\"]",
      "instances": [
        {
          "schema_version": 0,
          "attributes": {
            "gateway_id": "",
            "id": "rtbassoc-074d271f706a76d61",
            "route_table_id": "rtb-0e934615e2c77633d",
            "subnet_id": "subnet-0660ba8110d6a0dce",
            "timeouts": null
          },
          "sensitive_attributes": [],
          "private": "eyJlMmJmYjczMC1lY2FhLTExZTYtOGY4OC0zNDM2M2JjN2M0YzAiOnsiY3JlYXRlIjozMDAwMDAwMDAwMDAsImRlbGV0ZSI6MzAwMDAwMDAwMDAwLCJ1cGRhdGUiOjEyMDAwMDAwMDAwMH19",
          "dependencies": [
            "aws_route_table.route_table_vpc1_private",
            "aws_subnet.private_subnet_vpc1",
            "aws_vpc.nv_vpc1"
          ]
        }
      ]
    },
    {
      "mode": "managed",
      "type": "aws_route_table_association",
      "name": "private_subnet_association_vpc2",
      "provider": "provider[\"registry.terraform.io/hashicorp/aws\"]",
      "instances": [
        {
          "schema_version": 0,
          "attributes": {
            "gateway_id": "",
            "id": "rtbassoc-09617393e1433f5f3",
            "route_table_id": "rtb-072e4e2cb69ab1e57",
            "subnet_id": "subnet-0bf883eb54be2eb9e",
            "timeouts": null
          },
          "sensitive_attributes": [],
          "private": "eyJlMmJmYjczMC1lY2FhLTExZTYtOGY4OC0zNDM2M2JjN2M0YzAiOnsiY3JlYXRlIjozMDAwMDAwMDAwMDAsImRlbGV0ZSI6MzAwMDAwMDAwMDAwLCJ1cGRhdGUiOjEyMDAwMDAwMDAwMH19",
          "dependencies": [
            "aws_route_table.route_table_vpc2_private",
            "aws_subnet.private_subnet_vpc2",
            "aws_vpc.nv_vpc2"
          ]
        }
      ]
    },
    {
      "mode": "managed",
      "type": "aws_route_table_association",
      "name": "public_route_association",
      "provider": "provider[\"registry.terraform.io/hashicorp/aws\"]",
      "instances": [
        {
          "schema_version": 0,
          "attributes": {
            "gateway_id": "",
            "id": "rtbassoc-0eac30d6c8bd5127a",
            "route_table_id": "rtb-0d0ed0b553312fcdc",
            "subnet_id": "subnet-0c43d1f71602c614d",
            "timeouts": null
          },
          "sensitive_attributes": [],
          "private": "eyJlMmJmYjczMC1lY2FhLTExZTYtOGY4OC0zNDM2M2JjN2M0YzAiOnsiY3JlYXRlIjozMDAwMDAwMDAwMDAsImRlbGV0ZSI6MzAwMDAwMDAwMDAwLCJ1cGRhdGUiOjEyMDAwMDAwMDAwMH19",
          "dependencies": [
            "aws_internet_gateway.nv_igw1",
            "aws_route_table.nv_public_route_table1",
            "aws_subnet.public_subnet_vpc1",
            "aws_vpc.nv_vpc1"
          ]
        }
      ]
    },
    {
      "mode": "managed",
      "type": "aws_route_table_association",
      "name": "public_route_association2",
      "provider": "provider[\"registry.terraform.io/hashicorp/aws\"]",
      "instances": [
        {
          "schema_version": 0,
          "attributes": {
            "gateway_id": "",
            "id": "rtbassoc-0da8f5613a02cfa5a",
            "route_table_id": "rtb-09b0850ccf9470e5f",
            "subnet_id": "subnet-06db39332070f1dec",
            "timeouts": null
          },
          "sensitive_attributes": [],
          "private": "eyJlMmJmYjczMC1lY2FhLTExZTYtOGY4OC0zNDM2M2JjN2M0YzAiOnsiY3JlYXRlIjozMDAwMDAwMDAwMDAsImRlbGV0ZSI6MzAwMDAwMDAwMDAwLCJ1cGRhdGUiOjEyMDAwMDAwMDAwMH19",
          "dependencies": [
            "aws_internet_gateway.nv_igw2",
            "aws_route_table.nv_public_route_table2",
            "aws_subnet.public_subnet_vpc2",
            "aws_vpc.nv_vpc2"
          ]
        }
      ]
    },
    {
      "mode": "managed",
      "type": "aws_security_group",
      "name": "nv_sg_vpc1",
      "provider": "provider[\"registry.terraform.io/hashicorp/aws\"]",
      "instances": [
        {
          "schema_version": 1,
          "attributes": {
            "arn": "arn:aws:ec2:eu-west-1:308948071884:security-group/sg-088e9565001679cb5",
            "description": "Allow SSH inbound traffic",
            "egress": [],
            "id": "sg-088e9565001679cb5",
            "ingress": [
              {
                "cidr_blocks": [
                  "0.0.0.0/0"
                ],
                "description": "",
                "from_port": 22,
                "ipv6_cidr_blocks": [],
                "prefix_list_ids": [],
                "protocol": "tcp",
                "security_groups": [],
                "self": false,
                "to_port": 22
              }
            ],
            "name": "nv_sg_vpc1",
            "name_prefix": "",
            "owner_id": "308948071884",
            "revoke_rules_on_delete": false,
            "tags": {},
            "tags_all": {},
            "timeouts": null,
            "vpc_id": "vpc-02a403d0fce02f66c"
          },
          "sensitive_attributes": [],
          "private": "eyJlMmJmYjczMC1lY2FhLTExZTYtOGY4OC0zNDM2M2JjN2M0YzAiOnsiY3JlYXRlIjo2MDAwMDAwMDAwMDAsImRlbGV0ZSI6OTAwMDAwMDAwMDAwfSwic2NoZW1hX3ZlcnNpb24iOiIxIn0=",
          "dependencies": [
            "aws_vpc.nv_vpc1"
          ]
        }
      ]
    },
    {
      "mode": "managed",
      "type": "aws_security_group",
      "name": "nv_sg_vpc2",
      "provider": "provider[\"registry.terraform.io/hashicorp/aws\"]",
      "instances": [
        {
          "schema_version": 1,
          "attributes": {
            "arn": "arn:aws:ec2:eu-west-1:308948071884:security-group/sg-0ddf5bae68b036ccc",
            "description": "Allow SSH inbound traffic",
            "egress": [],
            "id": "sg-0ddf5bae68b036ccc",
            "ingress": [
              {
                "cidr_blocks": [
                  "0.0.0.0/0"
                ],
                "description": "",
                "from_port": 22,
                "ipv6_cidr_blocks": [],
                "prefix_list_ids": [],
                "protocol": "tcp",
                "security_groups": [],
                "self": false,
                "to_port": 22
              }
            ],
            "name": "nv_sg_vpc2",
            "name_prefix": "",
            "owner_id": "308948071884",
            "revoke_rules_on_delete": false,
            "tags": {},
            "tags_all": {},
            "timeouts": null,
            "vpc_id": "vpc-068b88c55dfd93149"
          },
          "sensitive_attributes": [],
          "private": "eyJlMmJmYjczMC1lY2FhLTExZTYtOGY4OC0zNDM2M2JjN2M0YzAiOnsiY3JlYXRlIjo2MDAwMDAwMDAwMDAsImRlbGV0ZSI6OTAwMDAwMDAwMDAwfSwic2NoZW1hX3ZlcnNpb24iOiIxIn0=",
          "dependencies": [
            "aws_vpc.nv_vpc2"
          ]
        }
      ]
    },
    {
      "mode": "managed",
      "type": "aws_subnet",
      "name": "private_subnet_vpc1",
      "provider": "provider[\"registry.terraform.io/hashicorp/aws\"]",
      "instances": [
        {
          "schema_version": 1,
          "attributes": {
            "arn": "arn:aws:ec2:eu-west-1:308948071884:subnet/subnet-0660ba8110d6a0dce",
            "assign_ipv6_address_on_creation": false,
            "availability_zone": "eu-west-1c",
            "availability_zone_id": "euw1-az2",
            "cidr_block": "10.0.1.0/24",
            "customer_owned_ipv4_pool": "",
            "enable_dns64": false,
            "enable_lni_at_device_index": 0,
            "enable_resource_name_dns_a_record_on_launch": false,
            "enable_resource_name_dns_aaaa_record_on_launch": false,
            "id": "subnet-0660ba8110d6a0dce",
            "ipv6_cidr_block": "",
            "ipv6_cidr_block_association_id": "",
            "ipv6_native": false,
            "map_customer_owned_ip_on_launch": false,
            "map_public_ip_on_launch": false,
            "outpost_arn": "",
            "owner_id": "308948071884",
            "private_dns_hostname_type_on_launch": "ip-name",
            "tags": {},
            "tags_all": {},
            "timeouts": null,
            "vpc_id": "vpc-02a403d0fce02f66c"
          },
          "sensitive_attributes": [],
          "private": "eyJlMmJmYjczMC1lY2FhLTExZTYtOGY4OC0zNDM2M2JjN2M0YzAiOnsiY3JlYXRlIjo2MDAwMDAwMDAwMDAsImRlbGV0ZSI6MTIwMDAwMDAwMDAwMH0sInNjaGVtYV92ZXJzaW9uIjoiMSJ9",
          "dependencies": [
            "aws_vpc.nv_vpc1"
          ]
        }
      ]
    },
    {
      "mode": "managed",
      "type": "aws_subnet",
      "name": "private_subnet_vpc2",
      "provider": "provider[\"registry.terraform.io/hashicorp/aws\"]",
      "instances": [
        {
          "schema_version": 1,
          "attributes": {
            "arn": "arn:aws:ec2:eu-west-1:308948071884:subnet/subnet-0bf883eb54be2eb9e",
            "assign_ipv6_address_on_creation": false,
            "availability_zone": "eu-west-1b",
            "availability_zone_id": "euw1-az1",
            "cidr_block": "192.168.1.0/24",
            "customer_owned_ipv4_pool": "",
            "enable_dns64": false,
            "enable_lni_at_device_index": 0,
            "enable_resource_name_dns_a_record_on_launch": false,
            "enable_resource_name_dns_aaaa_record_on_launch": false,
            "id": "subnet-0bf883eb54be2eb9e",
            "ipv6_cidr_block": "",
            "ipv6_cidr_block_association_id": "",
            "ipv6_native": false,
            "map_customer_owned_ip_on_launch": false,
            "map_public_ip_on_launch": false,
            "outpost_arn": "",
            "owner_id": "308948071884",
            "private_dns_hostname_type_on_launch": "ip-name",
            "tags": {},
            "tags_all": {},
            "timeouts": null,
            "vpc_id": "vpc-068b88c55dfd93149"
          },
          "sensitive_attributes": [],
          "private": "eyJlMmJmYjczMC1lY2FhLTExZTYtOGY4OC0zNDM2M2JjN2M0YzAiOnsiY3JlYXRlIjo2MDAwMDAwMDAwMDAsImRlbGV0ZSI6MTIwMDAwMDAwMDAwMH0sInNjaGVtYV92ZXJzaW9uIjoiMSJ9",
          "dependencies": [
            "aws_vpc.nv_vpc2"
          ]
        }
      ]
    },
    {
      "mode": "managed",
      "type": "aws_subnet",
      "name": "public_subnet_vpc1",
      "provider": "provider[\"registry.terraform.io/hashicorp/aws\"]",
      "instances": [
        {
          "schema_version": 1,
          "attributes": {
            "arn": "arn:aws:ec2:eu-west-1:308948071884:subnet/subnet-0c43d1f71602c614d",
            "assign_ipv6_address_on_creation": false,
            "availability_zone": "eu-west-1a",
            "availability_zone_id": "euw1-az3",
            "cidr_block": "10.0.0.0/24",
            "customer_owned_ipv4_pool": "",
            "enable_dns64": false,
            "enable_lni_at_device_index": 0,
            "enable_resource_name_dns_a_record_on_launch": false,
            "enable_resource_name_dns_aaaa_record_on_launch": false,
            "id": "subnet-0c43d1f71602c614d",
            "ipv6_cidr_block": "",
            "ipv6_cidr_block_association_id": "",
            "ipv6_native": false,
            "map_customer_owned_ip_on_launch": false,
            "map_public_ip_on_launch": true,
            "outpost_arn": "",
            "owner_id": "308948071884",
            "private_dns_hostname_type_on_launch": "ip-name",
            "tags": {},
            "tags_all": {},
            "timeouts": null,
            "vpc_id": "vpc-02a403d0fce02f66c"
          },
          "sensitive_attributes": [],
          "private": "eyJlMmJmYjczMC1lY2FhLTExZTYtOGY4OC0zNDM2M2JjN2M0YzAiOnsiY3JlYXRlIjo2MDAwMDAwMDAwMDAsImRlbGV0ZSI6MTIwMDAwMDAwMDAwMH0sInNjaGVtYV92ZXJzaW9uIjoiMSJ9",
          "dependencies": [
            "aws_vpc.nv_vpc1"
          ]
        }
      ]
    },
    {
      "mode": "managed",
      "type": "aws_subnet",
      "name": "public_subnet_vpc2",
      "provider": "provider[\"registry.terraform.io/hashicorp/aws\"]",
      "instances": [
        {
          "schema_version": 1,
          "attributes": {
            "arn": "arn:aws:ec2:eu-west-1:308948071884:subnet/subnet-06db39332070f1dec",
            "assign_ipv6_address_on_creation": false,
            "availability_zone": "eu-west-1a",
            "availability_zone_id": "euw1-az3",
            "cidr_block": "192.168.0.0/24",
            "customer_owned_ipv4_pool": "",
            "enable_dns64": false,
            "enable_lni_at_device_index": 0,
            "enable_resource_name_dns_a_record_on_launch": false,
            "enable_resource_name_dns_aaaa_record_on_launch": false,
            "id": "subnet-06db39332070f1dec",
            "ipv6_cidr_block": "",
            "ipv6_cidr_block_association_id": "",
            "ipv6_native": false,
            "map_customer_owned_ip_on_launch": false,
            "map_public_ip_on_launch": true,
            "outpost_arn": "",
            "owner_id": "308948071884",
            "private_dns_hostname_type_on_launch": "ip-name",
            "tags": {},
            "tags_all": {},
            "timeouts": null,
            "vpc_id": "vpc-068b88c55dfd93149"
          },
          "sensitive_attributes": [],
          "private": "eyJlMmJmYjczMC1lY2FhLTExZTYtOGY4OC0zNDM2M2JjN2M0YzAiOnsiY3JlYXRlIjo2MDAwMDAwMDAwMDAsImRlbGV0ZSI6MTIwMDAwMDAwMDAwMH0sInNjaGVtYV92ZXJzaW9uIjoiMSJ9",
          "dependencies": [
            "aws_vpc.nv_vpc2"
          ]
        }
      ]
    },
    {
      "mode": "managed",
      "type": "aws_vpc",
      "name": "nv_vpc1",
      "provider": "provider[\"registry.terraform.io/hashicorp/aws\"]",
      "instances": [
        {
          "schema_version": 1,
          "attributes": {
            "arn": "arn:aws:ec2:eu-west-1:308948071884:vpc/vpc-02a403d0fce02f66c",
            "assign_generated_ipv6_cidr_block": false,
            "cidr_block": "10.0.0.0/16",
            "default_network_acl_id": "acl-017638461af32e750",
            "default_route_table_id": "rtb-0eaa855cd3afb19c1",
            "default_security_group_id": "sg-0fdd60084c21d4186",
            "dhcp_options_id": "dopt-0628dd4316b07dcef",
            "enable_dns_hostnames": false,
            "enable_dns_support": true,
            "enable_network_address_usage_metrics": false,
            "id": "vpc-02a403d0fce02f66c",
            "instance_tenancy": "default",
            "ipv4_ipam_pool_id": null,
            "ipv4_netmask_length": null,
            "ipv6_association_id": "",
            "ipv6_cidr_block": "",
            "ipv6_cidr_block_network_border_group": "",
            "ipv6_ipam_pool_id": "",
            "ipv6_netmask_length": 0,
            "main_route_table_id": "rtb-0eaa855cd3afb19c1",
            "owner_id": "308948071884",
            "tags": {},
            "tags_all": {}
          },
          "sensitive_attributes": [],
          "private": "eyJzY2hlbWFfdmVyc2lvbiI6IjEifQ=="
        }
      ]
    },
    {
      "mode": "managed",
      "type": "aws_vpc",
      "name": "nv_vpc2",
      "provider": "provider[\"registry.terraform.io/hashicorp/aws\"]",
      "instances": [
        {
          "schema_version": 1,
          "attributes": {
            "arn": "arn:aws:ec2:eu-west-1:308948071884:vpc/vpc-068b88c55dfd93149",
            "assign_generated_ipv6_cidr_block": false,
            "cidr_block": "192.168.0.0/16",
            "default_network_acl_id": "acl-044471bd140f9fdef",
            "default_route_table_id": "rtb-011415f5b279e1e00",
            "default_security_group_id": "sg-073169f05fe14e776",
            "dhcp_options_id": "dopt-0628dd4316b07dcef",
            "enable_dns_hostnames": false,
            "enable_dns_support": true,
            "enable_network_address_usage_metrics": false,
            "id": "vpc-068b88c55dfd93149",
            "instance_tenancy": "default",
            "ipv4_ipam_pool_id": null,
            "ipv4_netmask_length": null,
            "ipv6_association_id": "",
            "ipv6_cidr_block": "",
            "ipv6_cidr_block_network_border_group": "",
            "ipv6_ipam_pool_id": "",
            "ipv6_netmask_length": 0,
            "main_route_table_id": "rtb-011415f5b279e1e00",
            "owner_id": "308948071884",
            "tags": {},
            "tags_all": {}
          },
          "sensitive_attributes": [],
          "private": "eyJzY2hlbWFfdmVyc2lvbiI6IjEifQ=="
        }
      ]
    },
    {
      "mode": "managed",
      "type": "aws_vpc_peering_connection",
      "name": "vpc_peering",
      "provider": "provider[\"registry.terraform.io/hashicorp/aws\"]",
      "instances": [
        {
          "schema_version": 0,
          "attributes": {
            "accept_status": "active",
            "accepter": [
              {
                "allow_remote_vpc_dns_resolution": false
              }
            ],
            "auto_accept": true,
            "id": "pcx-0dbe20ff697f6a270",
            "peer_owner_id": "308948071884",
            "peer_region": "eu-west-1",
            "peer_vpc_id": "vpc-068b88c55dfd93149",
            "requester": [
              {
                "allow_remote_vpc_dns_resolution": false
              }
            ],
            "tags": {},
            "tags_all": {},
            "timeouts": null,
            "vpc_id": "vpc-02a403d0fce02f66c"
          },
          "sensitive_attributes": [],
          "private": "eyJlMmJmYjczMC1lY2FhLTExZTYtOGY4OC0zNDM2M2JjN2M0YzAiOnsiY3JlYXRlIjo2MDAwMDAwMDAwMCwiZGVsZXRlIjo2MDAwMDAwMDAwMCwidXBkYXRlIjo2MDAwMDAwMDAwMH19",
          "dependencies": [
            "aws_vpc.nv_vpc1",
            "aws_vpc.nv_vpc2"
          ]
        }
      ]
    },
    {
      "mode": "managed",
      "type": "aws_vpc_peering_connection_accepter",
      "name": "accepter",
      "provider": "provider[\"registry.terraform.io/hashicorp/aws\"]",
      "instances": [
        {
          "schema_version": 0,
          "attributes": {
            "accept_status": "active",
            "accepter": [
              {
                "allow_remote_vpc_dns_resolution": false
              }
            ],
            "auto_accept": true,
            "id": "pcx-0dbe20ff697f6a270",
            "peer_owner_id": "308948071884",
            "peer_region": "eu-west-1",
            "peer_vpc_id": "vpc-068b88c55dfd93149",
            "requester": [
              {
                "allow_remote_vpc_dns_resolution": false
              }
            ],
            "tags": {},
            "tags_all": {},
            "timeouts": null,
            "vpc_id": "vpc-02a403d0fce02f66c",
            "vpc_peering_connection_id": "pcx-0dbe20ff697f6a270"
          },
          "sensitive_attributes": [],
          "private": "eyJlMmJmYjczMC1lY2FhLTExZTYtOGY4OC0zNDM2M2JjN2M0YzAiOnsiY3JlYXRlIjo2MDAwMDAwMDAwMCwidXBkYXRlIjo2MDAwMDAwMDAwMH19",
          "dependencies": [
            "aws_vpc.nv_vpc1",
            "aws_vpc.nv_vpc2",
            "aws_vpc_peering_connection.vpc_peering"
          ]
        }
      ]
    },
    {
      "mode": "managed",
      "type": "local_file",
      "name": "private_key_file1",
      "provider": "provider[\"registry.terraform.io/hashicorp/local\"]",
      "instances": [
        {
          "schema_version": 0,
          "attributes": {
            "content": "-----BEGIN RSA PRIVATE KEY-----\nMIIJKQIBAAKCAgEAmA/TmfHKRgbU9Zt7bzkR+FfpkRVIWZN1HJzQEF1Gjz8wnYds\n/UK7Oul0yLm0iJ5L2a5vAiNWKt52aFulQsUDpWtHuwg8EqlQbdKuzY4vmse4u2HN\nn73UU2oaup9KSEsDkFSvBovmqQJr4NUEpMj81UDLaw6DIyhNeay/FDo7Ef7qnTW6\n4SJtoLxHRCVGTlTF3RcXMtCBS5/SA1IROW/ozMLtYH1Q18EpJbxqwzDA2B8o8Jo0\nDXFmjaRm0J51bSVUTaedvxKY4WI3yLppOlZDviVmTQvsFfK40PUwlqBGNlrvxGe7\nuUiLYYSLBEPqd4C4BAE0uD70/mwKErKlGL4Bg8gTHRzFMpE3UkyrSnFne/VR4Ute\nYE1WUXr7AknebXiwBNVlylFFfKrSU9HrSgjTL9y+MXEqqghZenGG9aOmSEfuJWrl\nacroI9k+8rAid3P9XAkygWAO+SAIrEHT3PRwBfXQBZTkZGKfsIvngDZzsQTJrbss\nssH7irOW15b5RPguTh0fnfacJzUrfrHtF8foYaf157m9E8g4G7WLQKg3psIXcge4\ngvMDnHt1H0y9j9rWa41lsYocD2qeU/irSkywV+zLllVReEW8a3ISIGybaGV6M0Ea\n/kOKDr3ObeYhrkP5bD/X01AeRcWhdiQT+hcMUDSJdMZnQgz/7lXDwTzUTmECAwEA\nAQKCAgAA0t0fkVq6JGFU70Gs6Y86XCeMvKPGsHDK9eJ+pDK0pe/6enhRquHewNL8\nH11l/A2HIVXCmjRmSQw1JoHvqaeKZtldnv7MTxR7c8+0l1eUrA5JHY+ClQGobgO1\nDRXW7GkZiAvmqi1WrweskRrUVa5g7VfsvYhiUV6SESh70JDvWQUmUtsvSwNzAnIU\nYWtPE1B7ERv0D4MTyMrXb8NeH0gQi+HDSwp8ELTLWojtg78XrJuJKhysEfgvPju8\nV49lRvV88jJ9jXk8h06sDK5zPXJifktekXj26Xis0RcxSa73rmhsFO/EYis3HQOv\nwzpq6UyV4PfLI7QqCKXJUiRozOavMOwKbV/O+C+bEpK1CMp1e1A5I1Wf5VEKHGu3\nmThqb36TctGrs+s9ORPRQrWZNSTH0+bAX+T1rXomYcNKbrcZESF/z5JCa1ivn0Ku\nN/BIEDzB/x+LX6FiPV82tb0PFW8pgYGzFdKc4F7lWZ7WtQhtxzmG4x7UvbK8K4Hi\nd/Pf0JlAFIh1js7faYdEOTC/SP04NsTyHtAo9fWZ00vQshzmy56KWLJ4Q9QvpU0H\n7VhvGifa8cu62G9RZ/e7vRnvWmhiNFyBmB1C0sYiNk6H+bk/avj3zhUea/PxkVjX\nGymDNXfwxp/+nGqmaO4QsFe5FTadQSP8nGsBPY2AKnFjnlBOQQKCAQEAxqMz2zPQ\nRTImGGGh1SXVNY6POT40TdIxrfHgbWblbdzNhoMaPMgR7mqSKd8hfx/FF1ZQ0Diq\nN4ZZL2kve9OupyZLvvmvLjdxiSGTBqY4ChKMtfFsXrTnTs6fqlfZzWvRwf5x66GM\n7ghGknAlTVQll8zAym2lEfIMTM0hK+4H9pxPsf9UL1ygzySjV3uNzBnFTYrhcIKq\nHm4oD9CXkLqD7BCcDs4yRcdjzlh5XJBtVh9b+y/KjZP0kRQJEfjnES76AmVRkBLk\naWyrn4jGBLCy0FkOTZFTlYy1SNQ+p1BzzWsoNc3UDBGLUGhnpSRwNJg7UaPKKOGR\n8UMQ8T9ZOb5+CQKCAQEAw/lk/Zysk7fTYG9wuXeKEXaOPkkcLP5oTYUm9ED5Uu3w\nWlZptJ81JPCG3YM0Qwn5D/w7BmIVIm+3UMZgeO1wW92GsOsDuubNwR0HPPSspp7s\nQY6bAj97RyogGLuZgySyo3H2FDSi0zkl0PJueUAhq4GIPKr2Ot8K2K/E9UDE9UOf\nYs4DouGeoKtz5xWc7EypV2sapsXA1V9hVTjdEJFkzdomkTSeV9EnBJn1tjnK1jut\nB0SVYV8dhzsuLOGnfgnwfP8t99PlUpt6RtK0XPBgVKvC13f+/+9FxuQ5VuO1yhlE\nWj/pVeO/zwVpEE5rpKeqVhp85Hg7mte/3fzKTLHjmQKCAQBaQTmEtixB5KFunp37\nzW7tINNu/Rai7YjpMmf5DbHdk2BHaDZ5u6Z6IC49nEcKDhNtoSijE7wz8nV/l1md\n9/b5t+re4XB5nXOXDYxSjyATY45P9Vx6Q9R9+GCP887hCcaLUOPOXt88IMKAMzif\nxEY4jS5kTCGe384671HNNiCkKy4DALLtujbPKCSX0WoCfQsrSplYl+ZYYVEOrobP\nmg/rKTjfeU1aa1isH4M1TeKAKUuP/I0ae0m6ydG9Os0y/5dVk1fWEN98D4aDvI/M\n/cSh6nUXRZsm7oJIjzfQqjuT8Maae+WHfklAxc+iN8ZL/4ekdrmajbPUXdbK5y/R\njv6RAoIBAQCmv0Zp8Gx7CBen30qH1Km68ChZ4PVDZ3iyNRCPFdXO9TvkcdBhanHa\nq3nlcuT+AbdVHaXPaZdYBLxy00h0vHs0/0nCsUUsO4Row11MRVe+Mk0N/tvvzroD\nNFm5Ea6uAoSpQ6dBTAQbO23s2sqbCrFbb8zO6hy2vN9KvkwU7fZoRhCRDn/TkKvb\nQ+dLgX1TJmuUQUKdEnhgVVbJH6ghl8SwzuSv+picWg8cADAszAHFxWMVYwrDnh3O\n2dERSTOtr6Fbifi//SEL59Tj/BaRWcptYPRZR/XGKP4zHC+ZugkNG/Cn5eeROEcV\nTCI4SLGYmTz7JHCOKat1tgvAQ36SQW5JAoIBAQCjcWBs4vzS/QPQoKumZIQIrzUC\ntWLl3yPXJ3rWFmcTgbGmy/m9zHhLD51loJSnujJvJ2ql2Iz07uvM+ESkt92zyUV1\nc8EER/cAH6TPJDCHDIMZLBIYlXqv1dkTO6cT6fgtB11INlwaSJsVMs4kLeDiEy7C\npG+qE+nRtx5sTmi+ivg0OCc3cOFU3q+yixHHtKpEQPQ0kFo/BRqzTtaIGeOXtD2+\nSbgXH7UJooLht8OiDYBdY8XuPDBzORe0CFJ+Qp1pYI77cNHUDT1xtd8CcP+Rwixg\nA8n/FpDkdWe9QiAMlhxSngTW4cs7WAMlaZtsQasYru+fqxgVT5DtAZrbWJaT\n-----END RSA PRIVATE KEY-----\n",
            "content_base64": null,
            "content_base64sha256": "uBmkqj10hUVoBe0MSSincs4yHd8c+sLxF0+xGGoYAKI=",
            "content_base64sha512": "J/i+Rw/6bX1jFQI35p7LJUJUsaKwguFSlmsey28kXOfC8cmaj6KJXoD0jtwO4TEyVbbBasiSgkx6paQwgjedNA==",
            "content_md5": "f9363d78c63802e14362006172237de6",
            "content_sha1": "f057bd0cd7ffdfeabf8f28c03cd26ae9425ea51c",
            "content_sha256": "b819a4aa3d7485456805ed0c4928a772ce321ddf1cfac2f1174fb1186a1800a2",
            "content_sha512": "27f8be470ffa6d7d63150237e69ecb254254b1a2b082e152966b1ecb6f245ce7c2f1c99a8fa2895e80f48edc0ee1313255b6c16ac892824c7aa5a43082379d34",
            "directory_permission": "0777",
            "file_permission": "0777",
            "filename": "nv-public-key2.pem",
            "id": "f057bd0cd7ffdfeabf8f28c03cd26ae9425ea51c",
            "sensitive_content": null,
            "source": null
          },
          "sensitive_attributes": [
            [
              {
                "type": "get_attr",
                "value": "content"
              }
            ]
          ],
          "dependencies": [
            "tls_private_key.nvkey1"
          ]
        }
      ]
    },
    {
      "mode": "managed",
      "type": "local_file",
      "name": "private_key_file2",
      "provider": "provider[\"registry.terraform.io/hashicorp/local\"]",
      "instances": [
        {
          "schema_version": 0,
          "attributes": {
            "content": "-----BEGIN RSA PRIVATE KEY-----\nMIIJKAIBAAKCAgEAuwdbmT/aLTRS2FTnGzNof17MOIUo41BGRnEFCvG2eJao19IN\n7ZU8bU0AThpIG8ab/128rd1TSeFFw9EJUihjkfvXrsTtmFsyrhlYSvVpbmMOZh+y\nFtEO5hdH8WGtII0fR5vOm2EhbB55uS/qOgX0p59L1SWpFf1nG4UXib/YpoZjpoZ3\n8SLVNsIXq2Qex+mucXzjRrPxa9E6jiyGqOSfpWkK7B7uQ3xDRljBKYU4vtp8UPGH\nZDe9G6nZc2U8YyxR5iztfjbCcbLl+0lbBKToMkGe4hZPaNBJUo7jH7DwiakoX2ra\ny/ekUH2uuV2HHdL8qynsD7mhfTVwvI0Q+h5CaNhQAzQw1VfUn4PtsR2+63yD7RIk\nuaUlaZIi31Jiqyk0BbUihl2RKE5dI3ixZD5Zk9oYDjNPMYYSwkim72fHVbjQR/c6\n4KWfiAe/qCBw0vQif8OCeMfhQk8FcjUVNLgTAbbsC8uXkUWgtr4tyBGgJPLXctJN\nlOGPk0Ic4q//2dEg+07FAZVXv+H8827VRvZlrqwPcUWv0r3vOCUMPsO810cJwaix\naFNbQQOvgg9k56OeD5J0l8NtJC8a5ITSRM8DekfgVTzE0Rdz0qzB2TAyfgVlqkxh\n6N21vOSXt0FTDCJJ6/AGvkF+GFB/zbJ+6GwZuQdAIA+Pnn7pg/3RVNh6YuMCAwEA\nAQKCAgAD+a8PvdS0W0Vbhcp3wIr7EhfDJ8lrs3wa6TITPnoDbChglf1nzGFBbX6R\nKmvX80vDjMmC5I5tppUmCV5qWaNsKe82rsbiEyYrnyxKQ5cfGonmz8uoQn9PkrUb\nw1i7tWQx0HT+xnzAYJFzxznyS8gce/1PpYJHjmBPrG+IpQRE3dxmYLtR68yeYlfA\nc9tXonbrwJzQFukNwp+8/+NI2bsu9+GcjTfBRXXkm+RXLpa7L8eurMOU9L5XRS/z\nDPbQoNOI0fGmWiGd6xCKW8/MdHjfAJgQ9Cpx7uNwFstrFAa41lieVpYZ+cSLVXCO\nTheeIarvNG/pEagGEkm4KENxHY2JxafSKzcLy8E6tt4y49zRe1oueXHYhWNadlGq\nz74pr6Pxy5HpPOPJ0r+RGo/Qq3UK88OxW+usuKBXlaMLMBzZg1Zv7qNwI1FG0D8Y\nIJ0+6M44HoV7UCBKoGvU+LJ0qL7g4sp1BGIwPPP0nnNikgzDtrmVJOuVvtQETDpz\nLkctCg/5QNkYm0h768vkdGwBxblDtf2spamScN2ajRmompEmg1a+J/rADO51ctBS\nKp/PZ1eFf/67L4lVu2NdQSBiH86ysk/g2pDYddjA9yKi2GN30BCbXEctajQceAb5\nxUG6REj5ezmHvwuXZk5CvvCKprHpz9+m0M2mwOGRF2ILbhj3MQKCAQEA5Ey/XUwh\nM66cQjdXALEHz/C1+pmBQiBw3IK9s/gcMpOLuUeRzkL9gDv+FD9+UwZNz2uQOcRO\nFnaoA4h2zxsCGmAvd8EMkMld4mBv/xkOeWbANaRMOzCV9kUnkNWtvf7g7VgXrGGK\nwv4lu0Nh9FFA8ePsJchWrP2Siq4xl1xOAh6I3OPDvzC4jrm8n0BM6Qxj5OemvfcZ\nJFNHb/1F/wTD07zyRcUqcvR+sW21JE/xm5HpdRHxLFkMSnpuSdfLCmRGTmNqJspM\nMnmY74BjYcrIzNfAMmy+aE/HzSXQtsRAK8Ht1z583umWeFCGbdyOjIUmnelN2pyY\n1z8DvIvTWERL+QKCAQEA0bivKHNP1gn+F9PM9lTDe2KL4aN8KDvytH/DRC/a5ien\n1VD5ju7XFqY6IqsCicsFNEW9FLw0yx5cbueN4rpcxfV3rhZDT5GXlJLKpz86o1MC\nfw4rhNxGCUaPRs+52IhXnQqGQM3k2nHCvXKSsS+xMQvO/T94M+EA2vKRWl14Gc3U\nPxfsWqNoTrPSmF1BxjiABqvPEAsJpVzUF7Uo4FSjcN0qxi3YH4bZnFxznPs6LzSb\n0f6ktAT5b+lNhpOy4ylPWvemdK2yKO9q0+7yxPmWzMjUEcXO3jzaDRJfymuZbBqB\nRrlf+Eumb0+dDf/34JRLg1mihnXEryRZfMo5/F8EuwKCAQEAueNLxbmhJyW7kabh\nrmx2wfdrFTs8Jg2oF8RUll8lBoFguWHu9JVTN8ChZvcz8oIlhQg+DOsr8dp3fzj0\nFDoXgkZjIA0OIC31xcdkKb/LK0pgosy+TUuIL1ermaCCsTsBBgA+dluN0quBKXL6\nJSarzMkalMEE4iIt2cFwG6BK3CrkoYbK8bfH7l6JmNmQRgmSpOWBvRefXxZ4ClWd\nUsIceSFV2z1pDOTK68k6PvDg9xzdjDcpukRfX51Eg9ezOSjgnh8QZbk+RbMAtbJC\nOXQV/8SEeApXFzQuqXlq8gXlgjuLX0FAB3kGzbwzWOzHHN+ly9oVTDVJtalXb4Qi\nd7JUcQKCAQBIG0y2BreravIfNSZih5BSqvZXVUOJ/dqb7tWvaxjDS10sPdQgLcRs\nOCkC5HNR9yjJ6TRynac1MzIqu5iQHO1q7tQAWg04nWFVpwbgbB/4KcFQ+AlEfAvk\ngosemKtYZMBi8UxpmaEW7kg7pNoE69XrfBjl/92PUMxfe0k4nax+isNwEgSkwUxK\nyw8cbewAgEqcgJQH+xOM9JbDs/ji8JblZlWfoAGQDWhil3L0xXgi5N6yW/A7KP6u\nWLPcEopOClULfNyRf2sjIfZD+gMkcIBF1sL7fVx8EsYR+oBO86HjhlVugKwbjb8i\nxGfGeXy7jaFM/xOfUXyXj1LpUgqP2AejAoIBAFTuTXbEquFykNcKrlvvIcY5Cfho\nMZnxLM5OaFaNB7AhTHp8sIzYmudfXQDBSGtCRP8TgpC7uKltd/FZI26imNZH0Ldu\nvdx6uUhIS1OsmIv25sOMRQ1pegtdI4dkya9cFw+1oJBPOGVgVPXl7Yv1w5mKWnq5\npkraWuJeOQF02pOsLAk23rbz635SIKdc0rA0fPfmedXg27SPZ/HnVRXP+xzlI1+N\nFX1cNIo3nY1rtIYVxp+vLeHybjOeaoG987i34EkqgnM1wI/2UAnc/tB4LOI3idLL\nvAyDGmumyeyNJejj7jyRzIJFnZFrgxTVSeuvN1PzIfZJuEnBVSFNr9TfyPY=\n-----END RSA PRIVATE KEY-----\n",
            "content_base64": null,
            "content_base64sha256": "D+uH6uBecxcHq1rdMz6N2BHWxxekvA2/+KH4EC6T35M=",
            "content_base64sha512": "Ud9l2YdK1iLGNytoTrWQoi63i5O+Lqy/MJoOvldfAMg1rjXA8d3uP+ZQT4N9RHKZj/BqyRVWzmRTuKDkqkbJCg==",
            "content_md5": "e1c740e23b805928cd26692fa183238c",
            "content_sha1": "f15c16228ae58dff4d99c97bcaf9d78050b4dc90",
            "content_sha256": "0feb87eae05e731707ab5add333e8dd811d6c717a4bc0dbff8a1f8102e93df93",
            "content_sha512": "51df65d9874ad622c6372b684eb590a22eb78b93be2eacbf309a0ebe575f00c835ae35c0f1ddee3fe6504f837d4472998ff06ac91556ce6453b8a0e4aa46c90a",
            "directory_permission": "0777",
            "file_permission": "0777",
            "filename": "nv-public-key3.pem",
            "id": "f15c16228ae58dff4d99c97bcaf9d78050b4dc90",
            "sensitive_content": null,
            "source": null
          },
          "sensitive_attributes": [
            [
              {
                "type": "get_attr",
                "value": "content"
              }
            ]
          ],
          "dependencies": [
            "tls_private_key.nvkey2"
          ]
        }
      ]
    },
    {
      "mode": "managed",
      "type": "tls_private_key",
      "name": "nvkey1",
      "provider": "provider[\"registry.terraform.io/hashicorp/tls\"]",
      "instances": [
        {
          "schema_version": 1,
          "attributes": {
            "algorithm": "RSA",
            "ecdsa_curve": "P224",
            "id": "8211b4546f1e4b9277b856a339ff03021f2c11d3",
            "private_key_openssh": "-----BEGIN OPENSSH PRIVATE KEY-----\nb3BlbnNzaC1rZXktdjEAAAAABG5vbmUAAAAEbm9uZQAAAAAAAAABAAACFwAAAAdz\nc2gtcnNhAAAAAwEAAQAAAgEAmA/TmfHKRgbU9Zt7bzkR+FfpkRVIWZN1HJzQEF1G\njz8wnYds/UK7Oul0yLm0iJ5L2a5vAiNWKt52aFulQsUDpWtHuwg8EqlQbdKuzY4v\nmse4u2HNn73UU2oaup9KSEsDkFSvBovmqQJr4NUEpMj81UDLaw6DIyhNeay/FDo7\nEf7qnTW64SJtoLxHRCVGTlTF3RcXMtCBS5/SA1IROW/ozMLtYH1Q18EpJbxqwzDA\n2B8o8Jo0DXFmjaRm0J51bSVUTaedvxKY4WI3yLppOlZDviVmTQvsFfK40PUwlqBG\nNlrvxGe7uUiLYYSLBEPqd4C4BAE0uD70/mwKErKlGL4Bg8gTHRzFMpE3UkyrSnFn\ne/VR4UteYE1WUXr7AknebXiwBNVlylFFfKrSU9HrSgjTL9y+MXEqqghZenGG9aOm\nSEfuJWrlacroI9k+8rAid3P9XAkygWAO+SAIrEHT3PRwBfXQBZTkZGKfsIvngDZz\nsQTJrbssssH7irOW15b5RPguTh0fnfacJzUrfrHtF8foYaf157m9E8g4G7WLQKg3\npsIXcge4gvMDnHt1H0y9j9rWa41lsYocD2qeU/irSkywV+zLllVReEW8a3ISIGyb\naGV6M0Ea/kOKDr3ObeYhrkP5bD/X01AeRcWhdiQT+hcMUDSJdMZnQgz/7lXDwTzU\nTmEAAAc4bZt0rW2bdK0AAAAHc3NoLXJzYQAAAgEAmA/TmfHKRgbU9Zt7bzkR+Ffp\nkRVIWZN1HJzQEF1Gjz8wnYds/UK7Oul0yLm0iJ5L2a5vAiNWKt52aFulQsUDpWtH\nuwg8EqlQbdKuzY4vmse4u2HNn73UU2oaup9KSEsDkFSvBovmqQJr4NUEpMj81UDL\naw6DIyhNeay/FDo7Ef7qnTW64SJtoLxHRCVGTlTF3RcXMtCBS5/SA1IROW/ozMLt\nYH1Q18EpJbxqwzDA2B8o8Jo0DXFmjaRm0J51bSVUTaedvxKY4WI3yLppOlZDviVm\nTQvsFfK40PUwlqBGNlrvxGe7uUiLYYSLBEPqd4C4BAE0uD70/mwKErKlGL4Bg8gT\nHRzFMpE3UkyrSnFne/VR4UteYE1WUXr7AknebXiwBNVlylFFfKrSU9HrSgjTL9y+\nMXEqqghZenGG9aOmSEfuJWrlacroI9k+8rAid3P9XAkygWAO+SAIrEHT3PRwBfXQ\nBZTkZGKfsIvngDZzsQTJrbssssH7irOW15b5RPguTh0fnfacJzUrfrHtF8foYaf1\n57m9E8g4G7WLQKg3psIXcge4gvMDnHt1H0y9j9rWa41lsYocD2qeU/irSkywV+zL\nllVReEW8a3ISIGybaGV6M0Ea/kOKDr3ObeYhrkP5bD/X01AeRcWhdiQT+hcMUDSJ\ndMZnQgz/7lXDwTzUTmEAAAADAQABAAACAADS3R+RWrokYVTvQazpjzpcJ4y8o8aw\ncMr14n6kMrSl7/p6eFGq4d7A0vwfXWX8DYchVcKaNGZJDDUmge+pp4pm2V2e/sxP\nFHtzz7SXV5SsDkkdj4KVAahuA7UNFdbsaRmIC+aqLVavB6yRGtRVrmDtV+y9iGJR\nXpIRKHvQkO9ZBSZS2y9LA3MCchRha08TUHsRG/QPgxPIytdvw14fSBCL4cNLCnwQ\ntMtaiO2Dvxesm4kqHKwR+C8+O7xXj2VG9XzyMn2NeTyHTqwMrnM9cmJ+S16RePbp\neKzRFzFJrveuaGwU78RiKzcdA6/DOmrpTJXg98sjtCoIpclSJGjM5q8w7AptX874\nL5sSkrUIynV7UDkjVZ/lUQoca7eZOGpvfpNy0auz6z05E9FCtZk1JMfT5sBf5PWt\neiZhw0putxkRIX/PkkJrWK+fQq438EgQPMH/H4tfoWI9Xza1vQ8VbymBgbMV0pzg\nXuVZnta1CG3HOYbjHtS9srwrgeJ389/QmUAUiHWOzt9ph0Q5ML9I/Tg2xPIe0Cj1\n9ZnTS9CyHObLnopYsnhD1C+lTQftWG8aJ9rxy7rYb1Fn97u9Ge9aaGI0XIGYHULS\nxiI2Tof5uT9q+PfOFR5r8/GRWNcbKYM1d/DGn/6caqZo7hCwV7kVNp1BI/ycawE9\njYAqcWOeUE5BAAABAQCjcWBs4vzS/QPQoKumZIQIrzUCtWLl3yPXJ3rWFmcTgbGm\ny/m9zHhLD51loJSnujJvJ2ql2Iz07uvM+ESkt92zyUV1c8EER/cAH6TPJDCHDIMZ\nLBIYlXqv1dkTO6cT6fgtB11INlwaSJsVMs4kLeDiEy7CpG+qE+nRtx5sTmi+ivg0\nOCc3cOFU3q+yixHHtKpEQPQ0kFo/BRqzTtaIGeOXtD2+SbgXH7UJooLht8OiDYBd\nY8XuPDBzORe0CFJ+Qp1pYI77cNHUDT1xtd8CcP+RwixgA8n/FpDkdWe9QiAMlhxS\nngTW4cs7WAMlaZtsQasYru+fqxgVT5DtAZrbWJaTAAABAQDGozPbM9BFMiYYYaHV\nJdU1jo85PjRN0jGt8eBtZuVt3M2Ggxo8yBHuapIp3yF/H8UXVlDQOKo3hlkvaS97\n066nJku++a8uN3GJIZMGpjgKEoy18WxetOdOzp+qV9nNa9HB/nHroYzuCEaScCVN\nVCWXzMDKbaUR8gxMzSEr7gf2nE+x/1QvXKDPJKNXe43MGcVNiuFwgqoebigP0JeQ\nuoPsEJwOzjJFx2POWHlckG1WH1v7L8qNk/SRFAkR+OcRLvoCZVGQEuRpbKufiMYE\nsLLQWQ5NkVOVjLVI1D6nUHPNayg1zdQMEYtQaGelJHA0mDtRo8oo4ZHxQxDxP1k5\nvn4JAAABAQDD+WT9nKyTt9Ngb3C5d4oRdo4+SRws/mhNhSb0QPlS7fBaVmm0nzUk\n8IbdgzRDCfkP/DsGYhUib7dQxmB47XBb3Yaw6wO65s3BHQc89KymnuxBjpsCP3tH\nKiAYu5mDJLKjcfYUNKLTOSXQ8m55QCGrgYg8qvY63wrYr8T1QMT1Q59izgOi4Z6g\nq3PnFZzsTKlXaxqmxcDVX2FVON0QkWTN2iaRNJ5X0ScEmfW2OcrWO60HRJVhXx2H\nOy4s4ad+CfB8/y330+VSm3pG0rRc8GBUq8LXd/7/70XG5DlW47XKGURaP+lV47/P\nBWkQTmukp6pWGnzkeDua17/d/MpMseOZAAAAAAEC\n-----END OPENSSH PRIVATE KEY-----\n",
            "private_key_pem": "-----BEGIN RSA PRIVATE KEY-----\nMIIJKQIBAAKCAgEAmA/TmfHKRgbU9Zt7bzkR+FfpkRVIWZN1HJzQEF1Gjz8wnYds\n/UK7Oul0yLm0iJ5L2a5vAiNWKt52aFulQsUDpWtHuwg8EqlQbdKuzY4vmse4u2HN\nn73UU2oaup9KSEsDkFSvBovmqQJr4NUEpMj81UDLaw6DIyhNeay/FDo7Ef7qnTW6\n4SJtoLxHRCVGTlTF3RcXMtCBS5/SA1IROW/ozMLtYH1Q18EpJbxqwzDA2B8o8Jo0\nDXFmjaRm0J51bSVUTaedvxKY4WI3yLppOlZDviVmTQvsFfK40PUwlqBGNlrvxGe7\nuUiLYYSLBEPqd4C4BAE0uD70/mwKErKlGL4Bg8gTHRzFMpE3UkyrSnFne/VR4Ute\nYE1WUXr7AknebXiwBNVlylFFfKrSU9HrSgjTL9y+MXEqqghZenGG9aOmSEfuJWrl\nacroI9k+8rAid3P9XAkygWAO+SAIrEHT3PRwBfXQBZTkZGKfsIvngDZzsQTJrbss\nssH7irOW15b5RPguTh0fnfacJzUrfrHtF8foYaf157m9E8g4G7WLQKg3psIXcge4\ngvMDnHt1H0y9j9rWa41lsYocD2qeU/irSkywV+zLllVReEW8a3ISIGybaGV6M0Ea\n/kOKDr3ObeYhrkP5bD/X01AeRcWhdiQT+hcMUDSJdMZnQgz/7lXDwTzUTmECAwEA\nAQKCAgAA0t0fkVq6JGFU70Gs6Y86XCeMvKPGsHDK9eJ+pDK0pe/6enhRquHewNL8\nH11l/A2HIVXCmjRmSQw1JoHvqaeKZtldnv7MTxR7c8+0l1eUrA5JHY+ClQGobgO1\nDRXW7GkZiAvmqi1WrweskRrUVa5g7VfsvYhiUV6SESh70JDvWQUmUtsvSwNzAnIU\nYWtPE1B7ERv0D4MTyMrXb8NeH0gQi+HDSwp8ELTLWojtg78XrJuJKhysEfgvPju8\nV49lRvV88jJ9jXk8h06sDK5zPXJifktekXj26Xis0RcxSa73rmhsFO/EYis3HQOv\nwzpq6UyV4PfLI7QqCKXJUiRozOavMOwKbV/O+C+bEpK1CMp1e1A5I1Wf5VEKHGu3\nmThqb36TctGrs+s9ORPRQrWZNSTH0+bAX+T1rXomYcNKbrcZESF/z5JCa1ivn0Ku\nN/BIEDzB/x+LX6FiPV82tb0PFW8pgYGzFdKc4F7lWZ7WtQhtxzmG4x7UvbK8K4Hi\nd/Pf0JlAFIh1js7faYdEOTC/SP04NsTyHtAo9fWZ00vQshzmy56KWLJ4Q9QvpU0H\n7VhvGifa8cu62G9RZ/e7vRnvWmhiNFyBmB1C0sYiNk6H+bk/avj3zhUea/PxkVjX\nGymDNXfwxp/+nGqmaO4QsFe5FTadQSP8nGsBPY2AKnFjnlBOQQKCAQEAxqMz2zPQ\nRTImGGGh1SXVNY6POT40TdIxrfHgbWblbdzNhoMaPMgR7mqSKd8hfx/FF1ZQ0Diq\nN4ZZL2kve9OupyZLvvmvLjdxiSGTBqY4ChKMtfFsXrTnTs6fqlfZzWvRwf5x66GM\n7ghGknAlTVQll8zAym2lEfIMTM0hK+4H9pxPsf9UL1ygzySjV3uNzBnFTYrhcIKq\nHm4oD9CXkLqD7BCcDs4yRcdjzlh5XJBtVh9b+y/KjZP0kRQJEfjnES76AmVRkBLk\naWyrn4jGBLCy0FkOTZFTlYy1SNQ+p1BzzWsoNc3UDBGLUGhnpSRwNJg7UaPKKOGR\n8UMQ8T9ZOb5+CQKCAQEAw/lk/Zysk7fTYG9wuXeKEXaOPkkcLP5oTYUm9ED5Uu3w\nWlZptJ81JPCG3YM0Qwn5D/w7BmIVIm+3UMZgeO1wW92GsOsDuubNwR0HPPSspp7s\nQY6bAj97RyogGLuZgySyo3H2FDSi0zkl0PJueUAhq4GIPKr2Ot8K2K/E9UDE9UOf\nYs4DouGeoKtz5xWc7EypV2sapsXA1V9hVTjdEJFkzdomkTSeV9EnBJn1tjnK1jut\nB0SVYV8dhzsuLOGnfgnwfP8t99PlUpt6RtK0XPBgVKvC13f+/+9FxuQ5VuO1yhlE\nWj/pVeO/zwVpEE5rpKeqVhp85Hg7mte/3fzKTLHjmQKCAQBaQTmEtixB5KFunp37\nzW7tINNu/Rai7YjpMmf5DbHdk2BHaDZ5u6Z6IC49nEcKDhNtoSijE7wz8nV/l1md\n9/b5t+re4XB5nXOXDYxSjyATY45P9Vx6Q9R9+GCP887hCcaLUOPOXt88IMKAMzif\nxEY4jS5kTCGe384671HNNiCkKy4DALLtujbPKCSX0WoCfQsrSplYl+ZYYVEOrobP\nmg/rKTjfeU1aa1isH4M1TeKAKUuP/I0ae0m6ydG9Os0y/5dVk1fWEN98D4aDvI/M\n/cSh6nUXRZsm7oJIjzfQqjuT8Maae+WHfklAxc+iN8ZL/4ekdrmajbPUXdbK5y/R\njv6RAoIBAQCmv0Zp8Gx7CBen30qH1Km68ChZ4PVDZ3iyNRCPFdXO9TvkcdBhanHa\nq3nlcuT+AbdVHaXPaZdYBLxy00h0vHs0/0nCsUUsO4Row11MRVe+Mk0N/tvvzroD\nNFm5Ea6uAoSpQ6dBTAQbO23s2sqbCrFbb8zO6hy2vN9KvkwU7fZoRhCRDn/TkKvb\nQ+dLgX1TJmuUQUKdEnhgVVbJH6ghl8SwzuSv+picWg8cADAszAHFxWMVYwrDnh3O\n2dERSTOtr6Fbifi//SEL59Tj/BaRWcptYPRZR/XGKP4zHC+ZugkNG/Cn5eeROEcV\nTCI4SLGYmTz7JHCOKat1tgvAQ36SQW5JAoIBAQCjcWBs4vzS/QPQoKumZIQIrzUC\ntWLl3yPXJ3rWFmcTgbGmy/m9zHhLD51loJSnujJvJ2ql2Iz07uvM+ESkt92zyUV1\nc8EER/cAH6TPJDCHDIMZLBIYlXqv1dkTO6cT6fgtB11INlwaSJsVMs4kLeDiEy7C\npG+qE+nRtx5sTmi+ivg0OCc3cOFU3q+yixHHtKpEQPQ0kFo/BRqzTtaIGeOXtD2+\nSbgXH7UJooLht8OiDYBdY8XuPDBzORe0CFJ+Qp1pYI77cNHUDT1xtd8CcP+Rwixg\nA8n/FpDkdWe9QiAMlhxSngTW4cs7WAMlaZtsQasYru+fqxgVT5DtAZrbWJaT\n-----END RSA PRIVATE KEY-----\n",
            "private_key_pem_pkcs8": "-----BEGIN PRIVATE KEY-----\nMIIJQwIBADANBgkqhkiG9w0BAQEFAASCCS0wggkpAgEAAoICAQCYD9OZ8cpGBtT1\nm3tvORH4V+mRFUhZk3UcnNAQXUaPPzCdh2z9Qrs66XTIubSInkvZrm8CI1Yq3nZo\nW6VCxQOla0e7CDwSqVBt0q7Nji+ax7i7Yc2fvdRTahq6n0pISwOQVK8Gi+apAmvg\n1QSkyPzVQMtrDoMjKE15rL8UOjsR/uqdNbrhIm2gvEdEJUZOVMXdFxcy0IFLn9ID\nUhE5b+jMwu1gfVDXwSklvGrDMMDYHyjwmjQNcWaNpGbQnnVtJVRNp52/EpjhYjfI\numk6VkO+JWZNC+wV8rjQ9TCWoEY2Wu/EZ7u5SIthhIsEQ+p3gLgEATS4PvT+bAoS\nsqUYvgGDyBMdHMUykTdSTKtKcWd79VHhS15gTVZRevsCSd5teLAE1WXKUUV8qtJT\n0etKCNMv3L4xcSqqCFl6cYb1o6ZIR+4lauVpyugj2T7ysCJ3c/1cCTKBYA75IAis\nQdPc9HAF9dAFlORkYp+wi+eANnOxBMmtuyyywfuKs5bXlvlE+C5OHR+d9pwnNSt+\nse0Xx+hhp/Xnub0TyDgbtYtAqDemwhdyB7iC8wOce3UfTL2P2tZrjWWxihwPap5T\n+KtKTLBX7MuWVVF4RbxrchIgbJtoZXozQRr+Q4oOvc5t5iGuQ/lsP9fTUB5FxaF2\nJBP6FwxQNIl0xmdCDP/uVcPBPNROYQIDAQABAoICAADS3R+RWrokYVTvQazpjzpc\nJ4y8o8awcMr14n6kMrSl7/p6eFGq4d7A0vwfXWX8DYchVcKaNGZJDDUmge+pp4pm\n2V2e/sxPFHtzz7SXV5SsDkkdj4KVAahuA7UNFdbsaRmIC+aqLVavB6yRGtRVrmDt\nV+y9iGJRXpIRKHvQkO9ZBSZS2y9LA3MCchRha08TUHsRG/QPgxPIytdvw14fSBCL\n4cNLCnwQtMtaiO2Dvxesm4kqHKwR+C8+O7xXj2VG9XzyMn2NeTyHTqwMrnM9cmJ+\nS16RePbpeKzRFzFJrveuaGwU78RiKzcdA6/DOmrpTJXg98sjtCoIpclSJGjM5q8w\n7AptX874L5sSkrUIynV7UDkjVZ/lUQoca7eZOGpvfpNy0auz6z05E9FCtZk1JMfT\n5sBf5PWteiZhw0putxkRIX/PkkJrWK+fQq438EgQPMH/H4tfoWI9Xza1vQ8VbymB\ngbMV0pzgXuVZnta1CG3HOYbjHtS9srwrgeJ389/QmUAUiHWOzt9ph0Q5ML9I/Tg2\nxPIe0Cj19ZnTS9CyHObLnopYsnhD1C+lTQftWG8aJ9rxy7rYb1Fn97u9Ge9aaGI0\nXIGYHULSxiI2Tof5uT9q+PfOFR5r8/GRWNcbKYM1d/DGn/6caqZo7hCwV7kVNp1B\nI/ycawE9jYAqcWOeUE5BAoIBAQDGozPbM9BFMiYYYaHVJdU1jo85PjRN0jGt8eBt\nZuVt3M2Ggxo8yBHuapIp3yF/H8UXVlDQOKo3hlkvaS97066nJku++a8uN3GJIZMG\npjgKEoy18WxetOdOzp+qV9nNa9HB/nHroYzuCEaScCVNVCWXzMDKbaUR8gxMzSEr\n7gf2nE+x/1QvXKDPJKNXe43MGcVNiuFwgqoebigP0JeQuoPsEJwOzjJFx2POWHlc\nkG1WH1v7L8qNk/SRFAkR+OcRLvoCZVGQEuRpbKufiMYEsLLQWQ5NkVOVjLVI1D6n\nUHPNayg1zdQMEYtQaGelJHA0mDtRo8oo4ZHxQxDxP1k5vn4JAoIBAQDD+WT9nKyT\nt9Ngb3C5d4oRdo4+SRws/mhNhSb0QPlS7fBaVmm0nzUk8IbdgzRDCfkP/DsGYhUi\nb7dQxmB47XBb3Yaw6wO65s3BHQc89KymnuxBjpsCP3tHKiAYu5mDJLKjcfYUNKLT\nOSXQ8m55QCGrgYg8qvY63wrYr8T1QMT1Q59izgOi4Z6gq3PnFZzsTKlXaxqmxcDV\nX2FVON0QkWTN2iaRNJ5X0ScEmfW2OcrWO60HRJVhXx2HOy4s4ad+CfB8/y330+VS\nm3pG0rRc8GBUq8LXd/7/70XG5DlW47XKGURaP+lV47/PBWkQTmukp6pWGnzkeDua\n17/d/MpMseOZAoIBAFpBOYS2LEHkoW6enfvNbu0g0279FqLtiOkyZ/kNsd2TYEdo\nNnm7pnogLj2cRwoOE22hKKMTvDPydX+XWZ339vm36t7hcHmdc5cNjFKPIBNjjk/1\nXHpD1H34YI/zzuEJxotQ485e3zwgwoAzOJ/ERjiNLmRMIZ7fzjrvUc02IKQrLgMA\nsu26Ns8oJJfRagJ9CytKmViX5lhhUQ6uhs+aD+spON95TVprWKwfgzVN4oApS4/8\njRp7SbrJ0b06zTL/l1WTV9YQ33wPhoO8j8z9xKHqdRdFmybugkiPN9CqO5Pwxpp7\n5Yd+SUDFz6I3xkv/h6R2uZqNs9Rd1srnL9GO/pECggEBAKa/RmnwbHsIF6ffSofU\nqbrwKFng9UNneLI1EI8V1c71O+Rx0GFqcdqreeVy5P4Bt1Udpc9pl1gEvHLTSHS8\nezT/ScKxRSw7hGjDXUxFV74yTQ3+2+/OugM0WbkRrq4ChKlDp0FMBBs7bezaypsK\nsVtvzM7qHLa830q+TBTt9mhGEJEOf9OQq9tD50uBfVMma5RBQp0SeGBVVskfqCGX\nxLDO5K/6mJxaDxwAMCzMAcXFYxVjCsOeHc7Z0RFJM62voVuJ+L/9IQvn1OP8FpFZ\nym1g9FlH9cYo/jMcL5m6CQ0b8Kfl55E4RxVMIjhIsZiZPPskcI4pq3W2C8BDfpJB\nbkkCggEBAKNxYGzi/NL9A9Cgq6ZkhAivNQK1YuXfI9cnetYWZxOBsabL+b3MeEsP\nnWWglKe6Mm8naqXYjPTu68z4RKS33bPJRXVzwQRH9wAfpM8kMIcMgxksEhiVeq/V\n2RM7pxPp+C0HXUg2XBpImxUyziQt4OITLsKkb6oT6dG3HmxOaL6K+DQ4Jzdw4VTe\nr7KLEce0qkRA9DSQWj8FGrNO1ogZ45e0Pb5JuBcftQmiguG3w6INgF1jxe48MHM5\nF7QIUn5CnWlgjvtw0dQNPXG13wJw/5HCLGADyf8WkOR1Z71CIAyWHFKeBNbhyztY\nAyVpm2xBqxiu75+rGBVPkO0BmttYlpM=\n-----END PRIVATE KEY-----\n",
            "public_key_fingerprint_md5": "4e:8d:71:5d:0e:11:fc:07:a1:cd:36:d9:09:ab:26:70",
            "public_key_fingerprint_sha256": "SHA256:/SpqQtBGtTACT4dRDr8RTFd4YMt+dHxLzGjYcAMwns4",
            "public_key_openssh": "ssh-rsa AAAAB3NzaC1yc2EAAAADAQABAAACAQCYD9OZ8cpGBtT1m3tvORH4V+mRFUhZk3UcnNAQXUaPPzCdh2z9Qrs66XTIubSInkvZrm8CI1Yq3nZoW6VCxQOla0e7CDwSqVBt0q7Nji+ax7i7Yc2fvdRTahq6n0pISwOQVK8Gi+apAmvg1QSkyPzVQMtrDoMjKE15rL8UOjsR/uqdNbrhIm2gvEdEJUZOVMXdFxcy0IFLn9IDUhE5b+jMwu1gfVDXwSklvGrDMMDYHyjwmjQNcWaNpGbQnnVtJVRNp52/EpjhYjfIumk6VkO+JWZNC+wV8rjQ9TCWoEY2Wu/EZ7u5SIthhIsEQ+p3gLgEATS4PvT+bAoSsqUYvgGDyBMdHMUykTdSTKtKcWd79VHhS15gTVZRevsCSd5teLAE1WXKUUV8qtJT0etKCNMv3L4xcSqqCFl6cYb1o6ZIR+4lauVpyugj2T7ysCJ3c/1cCTKBYA75IAisQdPc9HAF9dAFlORkYp+wi+eANnOxBMmtuyyywfuKs5bXlvlE+C5OHR+d9pwnNSt+se0Xx+hhp/Xnub0TyDgbtYtAqDemwhdyB7iC8wOce3UfTL2P2tZrjWWxihwPap5T+KtKTLBX7MuWVVF4RbxrchIgbJtoZXozQRr+Q4oOvc5t5iGuQ/lsP9fTUB5FxaF2JBP6FwxQNIl0xmdCDP/uVcPBPNROYQ==\n",
            "public_key_pem": "-----BEGIN PUBLIC KEY-----\nMIICIjANBgkqhkiG9w0BAQEFAAOCAg8AMIICCgKCAgEAmA/TmfHKRgbU9Zt7bzkR\n+FfpkRVIWZN1HJzQEF1Gjz8wnYds/UK7Oul0yLm0iJ5L2a5vAiNWKt52aFulQsUD\npWtHuwg8EqlQbdKuzY4vmse4u2HNn73UU2oaup9KSEsDkFSvBovmqQJr4NUEpMj8\n1UDLaw6DIyhNeay/FDo7Ef7qnTW64SJtoLxHRCVGTlTF3RcXMtCBS5/SA1IROW/o\nzMLtYH1Q18EpJbxqwzDA2B8o8Jo0DXFmjaRm0J51bSVUTaedvxKY4WI3yLppOlZD\nviVmTQvsFfK40PUwlqBGNlrvxGe7uUiLYYSLBEPqd4C4BAE0uD70/mwKErKlGL4B\ng8gTHRzFMpE3UkyrSnFne/VR4UteYE1WUXr7AknebXiwBNVlylFFfKrSU9HrSgjT\nL9y+MXEqqghZenGG9aOmSEfuJWrlacroI9k+8rAid3P9XAkygWAO+SAIrEHT3PRw\nBfXQBZTkZGKfsIvngDZzsQTJrbssssH7irOW15b5RPguTh0fnfacJzUrfrHtF8fo\nYaf157m9E8g4G7WLQKg3psIXcge4gvMDnHt1H0y9j9rWa41lsYocD2qeU/irSkyw\nV+zLllVReEW8a3ISIGybaGV6M0Ea/kOKDr3ObeYhrkP5bD/X01AeRcWhdiQT+hcM\nUDSJdMZnQgz/7lXDwTzUTmECAwEAAQ==\n-----END PUBLIC KEY-----\n",
            "rsa_bits": 4096
          },
          "sensitive_attributes": []
        }
      ]
    },
    {
      "mode": "managed",
      "type": "tls_private_key",
      "name": "nvkey2",
      "provider": "provider[\"registry.terraform.io/hashicorp/tls\"]",
      "instances": [
        {
          "schema_version": 1,
          "attributes": {
            "algorithm": "RSA",
            "ecdsa_curve": "P224",
            "id": "36927011dff50a759f82e7ad2c48e6197b7fce3b",
            "private_key_openssh": "-----BEGIN OPENSSH PRIVATE KEY-----\nb3BlbnNzaC1rZXktdjEAAAAABG5vbmUAAAAEbm9uZQAAAAAAAAABAAACFwAAAAdz\nc2gtcnNhAAAAAwEAAQAAAgEAuwdbmT/aLTRS2FTnGzNof17MOIUo41BGRnEFCvG2\neJao19IN7ZU8bU0AThpIG8ab/128rd1TSeFFw9EJUihjkfvXrsTtmFsyrhlYSvVp\nbmMOZh+yFtEO5hdH8WGtII0fR5vOm2EhbB55uS/qOgX0p59L1SWpFf1nG4UXib/Y\npoZjpoZ38SLVNsIXq2Qex+mucXzjRrPxa9E6jiyGqOSfpWkK7B7uQ3xDRljBKYU4\nvtp8UPGHZDe9G6nZc2U8YyxR5iztfjbCcbLl+0lbBKToMkGe4hZPaNBJUo7jH7Dw\niakoX2ray/ekUH2uuV2HHdL8qynsD7mhfTVwvI0Q+h5CaNhQAzQw1VfUn4PtsR2+\n63yD7RIkuaUlaZIi31Jiqyk0BbUihl2RKE5dI3ixZD5Zk9oYDjNPMYYSwkim72fH\nVbjQR/c64KWfiAe/qCBw0vQif8OCeMfhQk8FcjUVNLgTAbbsC8uXkUWgtr4tyBGg\nJPLXctJNlOGPk0Ic4q//2dEg+07FAZVXv+H8827VRvZlrqwPcUWv0r3vOCUMPsO8\n10cJwaixaFNbQQOvgg9k56OeD5J0l8NtJC8a5ITSRM8DekfgVTzE0Rdz0qzB2TAy\nfgVlqkxh6N21vOSXt0FTDCJJ6/AGvkF+GFB/zbJ+6GwZuQdAIA+Pnn7pg/3RVNh6\nYuMAAAc4255W5tueVuYAAAAHc3NoLXJzYQAAAgEAuwdbmT/aLTRS2FTnGzNof17M\nOIUo41BGRnEFCvG2eJao19IN7ZU8bU0AThpIG8ab/128rd1TSeFFw9EJUihjkfvX\nrsTtmFsyrhlYSvVpbmMOZh+yFtEO5hdH8WGtII0fR5vOm2EhbB55uS/qOgX0p59L\n1SWpFf1nG4UXib/YpoZjpoZ38SLVNsIXq2Qex+mucXzjRrPxa9E6jiyGqOSfpWkK\n7B7uQ3xDRljBKYU4vtp8UPGHZDe9G6nZc2U8YyxR5iztfjbCcbLl+0lbBKToMkGe\n4hZPaNBJUo7jH7DwiakoX2ray/ekUH2uuV2HHdL8qynsD7mhfTVwvI0Q+h5CaNhQ\nAzQw1VfUn4PtsR2+63yD7RIkuaUlaZIi31Jiqyk0BbUihl2RKE5dI3ixZD5Zk9oY\nDjNPMYYSwkim72fHVbjQR/c64KWfiAe/qCBw0vQif8OCeMfhQk8FcjUVNLgTAbbs\nC8uXkUWgtr4tyBGgJPLXctJNlOGPk0Ic4q//2dEg+07FAZVXv+H8827VRvZlrqwP\ncUWv0r3vOCUMPsO810cJwaixaFNbQQOvgg9k56OeD5J0l8NtJC8a5ITSRM8Dekfg\nVTzE0Rdz0qzB2TAyfgVlqkxh6N21vOSXt0FTDCJJ6/AGvkF+GFB/zbJ+6GwZuQdA\nIA+Pnn7pg/3RVNh6YuMAAAADAQABAAACAAP5rw+91LRbRVuFynfAivsSF8MnyWuz\nfBrpMhM+egNsKGCV/WfMYUFtfpEqa9fzS8OMyYLkjm2mlSYJXmpZo2wp7zauxuIT\nJiufLEpDlx8aiebPy6hCf0+StRvDWLu1ZDHQdP7GfMBgkXPHOfJLyBx7/U+lgkeO\nYE+sb4ilBETd3GZgu1HrzJ5iV8Bz21eiduvAnNAW6Q3Cn7z/40jZuy734ZyNN8FF\ndeSb5Fculrsvx66sw5T0vldFL/MM9tCg04jR8aZaIZ3rEIpbz8x0eN8AmBD0KnHu\n43AWy2sUBrjWWJ5Wlhn5xItVcI5OF54hqu80b+kRqAYSSbgoQ3EdjYnFp9IrNwvL\nwTq23jLj3NF7Wi55cdiFY1p2UarPvimvo/HLkek848nSv5Eaj9CrdQrzw7Fb66y4\noFeVowswHNmDVm/uo3AjUUbQPxggnT7ozjgehXtQIEqga9T4snSovuDiynUEYjA8\n8/Sec2KSDMO2uZUk65W+1ARMOnMuRy0KD/lA2RibSHvry+R0bAHFuUO1/aylqZJw\n3ZqNGaiakSaDVr4n+sAM7nVy0FIqn89nV4V//rsviVW7Y11BIGIfzrKyT+DakNh1\n2MD3IqLYY3fQEJtcRy1qNBx4BvnFQbpESPl7OYe/C5dmTkK+8IqmsenP36bQzabA\n4ZEXYgtuGPcxAAABAFTuTXbEquFykNcKrlvvIcY5CfhoMZnxLM5OaFaNB7AhTHp8\nsIzYmudfXQDBSGtCRP8TgpC7uKltd/FZI26imNZH0Lduvdx6uUhIS1OsmIv25sOM\nRQ1pegtdI4dkya9cFw+1oJBPOGVgVPXl7Yv1w5mKWnq5pkraWuJeOQF02pOsLAk2\n3rbz635SIKdc0rA0fPfmedXg27SPZ/HnVRXP+xzlI1+NFX1cNIo3nY1rtIYVxp+v\nLeHybjOeaoG987i34EkqgnM1wI/2UAnc/tB4LOI3idLLvAyDGmumyeyNJejj7jyR\nzIJFnZFrgxTVSeuvN1PzIfZJuEnBVSFNr9TfyPYAAAEBAORMv11MITOunEI3VwCx\nB8/wtfqZgUIgcNyCvbP4HDKTi7lHkc5C/YA7/hQ/flMGTc9rkDnEThZ2qAOIds8b\nAhpgL3fBDJDJXeJgb/8ZDnlmwDWkTDswlfZFJ5DVrb3+4O1YF6xhisL+JbtDYfRR\nQPHj7CXIVqz9koquMZdcTgIeiNzjw78wuI65vJ9ATOkMY+Tnpr33GSRTR2/9Rf8E\nw9O88kXFKnL0frFttSRP8ZuR6XUR8SxZDEp6bknXywpkRk5jaibKTDJ5mO+AY2HK\nyMzXwDJsvmhPx80l0LbEQCvB7dc+fN7plnhQhm3cjoyFJp3pTdqcmNc/A7yL01hE\nS/kAAAEBANG4ryhzT9YJ/hfTzPZUw3tii+GjfCg78rR/w0Qv2uYnp9VQ+Y7u1xam\nOiKrAonLBTRFvRS8NMseXG7njeK6XMX1d64WQ0+Rl5SSyqc/OqNTAn8OK4TcRglG\nj0bPudiIV50KhkDN5Npxwr1ykrEvsTELzv0/eDPhANrykVpdeBnN1D8X7FqjaE6z\n0phdQcY4gAarzxALCaVc1Be1KOBUo3DdKsYt2B+G2Zxcc5z7Oi80m9H+pLQE+W/p\nTYaTsuMpT1r3pnStsijvatPu8sT5lszI1BHFzt482g0SX8prmWwagUa5X/hLpm9P\nnQ3/9+CUS4NZooZ1xK8kWXzKOfxfBLsAAAAAAQID\n-----END OPENSSH PRIVATE KEY-----\n",
            "private_key_pem": "-----BEGIN RSA PRIVATE KEY-----\nMIIJKAIBAAKCAgEAuwdbmT/aLTRS2FTnGzNof17MOIUo41BGRnEFCvG2eJao19IN\n7ZU8bU0AThpIG8ab/128rd1TSeFFw9EJUihjkfvXrsTtmFsyrhlYSvVpbmMOZh+y\nFtEO5hdH8WGtII0fR5vOm2EhbB55uS/qOgX0p59L1SWpFf1nG4UXib/YpoZjpoZ3\n8SLVNsIXq2Qex+mucXzjRrPxa9E6jiyGqOSfpWkK7B7uQ3xDRljBKYU4vtp8UPGH\nZDe9G6nZc2U8YyxR5iztfjbCcbLl+0lbBKToMkGe4hZPaNBJUo7jH7DwiakoX2ra\ny/ekUH2uuV2HHdL8qynsD7mhfTVwvI0Q+h5CaNhQAzQw1VfUn4PtsR2+63yD7RIk\nuaUlaZIi31Jiqyk0BbUihl2RKE5dI3ixZD5Zk9oYDjNPMYYSwkim72fHVbjQR/c6\n4KWfiAe/qCBw0vQif8OCeMfhQk8FcjUVNLgTAbbsC8uXkUWgtr4tyBGgJPLXctJN\nlOGPk0Ic4q//2dEg+07FAZVXv+H8827VRvZlrqwPcUWv0r3vOCUMPsO810cJwaix\naFNbQQOvgg9k56OeD5J0l8NtJC8a5ITSRM8DekfgVTzE0Rdz0qzB2TAyfgVlqkxh\n6N21vOSXt0FTDCJJ6/AGvkF+GFB/zbJ+6GwZuQdAIA+Pnn7pg/3RVNh6YuMCAwEA\nAQKCAgAD+a8PvdS0W0Vbhcp3wIr7EhfDJ8lrs3wa6TITPnoDbChglf1nzGFBbX6R\nKmvX80vDjMmC5I5tppUmCV5qWaNsKe82rsbiEyYrnyxKQ5cfGonmz8uoQn9PkrUb\nw1i7tWQx0HT+xnzAYJFzxznyS8gce/1PpYJHjmBPrG+IpQRE3dxmYLtR68yeYlfA\nc9tXonbrwJzQFukNwp+8/+NI2bsu9+GcjTfBRXXkm+RXLpa7L8eurMOU9L5XRS/z\nDPbQoNOI0fGmWiGd6xCKW8/MdHjfAJgQ9Cpx7uNwFstrFAa41lieVpYZ+cSLVXCO\nTheeIarvNG/pEagGEkm4KENxHY2JxafSKzcLy8E6tt4y49zRe1oueXHYhWNadlGq\nz74pr6Pxy5HpPOPJ0r+RGo/Qq3UK88OxW+usuKBXlaMLMBzZg1Zv7qNwI1FG0D8Y\nIJ0+6M44HoV7UCBKoGvU+LJ0qL7g4sp1BGIwPPP0nnNikgzDtrmVJOuVvtQETDpz\nLkctCg/5QNkYm0h768vkdGwBxblDtf2spamScN2ajRmompEmg1a+J/rADO51ctBS\nKp/PZ1eFf/67L4lVu2NdQSBiH86ysk/g2pDYddjA9yKi2GN30BCbXEctajQceAb5\nxUG6REj5ezmHvwuXZk5CvvCKprHpz9+m0M2mwOGRF2ILbhj3MQKCAQEA5Ey/XUwh\nM66cQjdXALEHz/C1+pmBQiBw3IK9s/gcMpOLuUeRzkL9gDv+FD9+UwZNz2uQOcRO\nFnaoA4h2zxsCGmAvd8EMkMld4mBv/xkOeWbANaRMOzCV9kUnkNWtvf7g7VgXrGGK\nwv4lu0Nh9FFA8ePsJchWrP2Siq4xl1xOAh6I3OPDvzC4jrm8n0BM6Qxj5OemvfcZ\nJFNHb/1F/wTD07zyRcUqcvR+sW21JE/xm5HpdRHxLFkMSnpuSdfLCmRGTmNqJspM\nMnmY74BjYcrIzNfAMmy+aE/HzSXQtsRAK8Ht1z583umWeFCGbdyOjIUmnelN2pyY\n1z8DvIvTWERL+QKCAQEA0bivKHNP1gn+F9PM9lTDe2KL4aN8KDvytH/DRC/a5ien\n1VD5ju7XFqY6IqsCicsFNEW9FLw0yx5cbueN4rpcxfV3rhZDT5GXlJLKpz86o1MC\nfw4rhNxGCUaPRs+52IhXnQqGQM3k2nHCvXKSsS+xMQvO/T94M+EA2vKRWl14Gc3U\nPxfsWqNoTrPSmF1BxjiABqvPEAsJpVzUF7Uo4FSjcN0qxi3YH4bZnFxznPs6LzSb\n0f6ktAT5b+lNhpOy4ylPWvemdK2yKO9q0+7yxPmWzMjUEcXO3jzaDRJfymuZbBqB\nRrlf+Eumb0+dDf/34JRLg1mihnXEryRZfMo5/F8EuwKCAQEAueNLxbmhJyW7kabh\nrmx2wfdrFTs8Jg2oF8RUll8lBoFguWHu9JVTN8ChZvcz8oIlhQg+DOsr8dp3fzj0\nFDoXgkZjIA0OIC31xcdkKb/LK0pgosy+TUuIL1ermaCCsTsBBgA+dluN0quBKXL6\nJSarzMkalMEE4iIt2cFwG6BK3CrkoYbK8bfH7l6JmNmQRgmSpOWBvRefXxZ4ClWd\nUsIceSFV2z1pDOTK68k6PvDg9xzdjDcpukRfX51Eg9ezOSjgnh8QZbk+RbMAtbJC\nOXQV/8SEeApXFzQuqXlq8gXlgjuLX0FAB3kGzbwzWOzHHN+ly9oVTDVJtalXb4Qi\nd7JUcQKCAQBIG0y2BreravIfNSZih5BSqvZXVUOJ/dqb7tWvaxjDS10sPdQgLcRs\nOCkC5HNR9yjJ6TRynac1MzIqu5iQHO1q7tQAWg04nWFVpwbgbB/4KcFQ+AlEfAvk\ngosemKtYZMBi8UxpmaEW7kg7pNoE69XrfBjl/92PUMxfe0k4nax+isNwEgSkwUxK\nyw8cbewAgEqcgJQH+xOM9JbDs/ji8JblZlWfoAGQDWhil3L0xXgi5N6yW/A7KP6u\nWLPcEopOClULfNyRf2sjIfZD+gMkcIBF1sL7fVx8EsYR+oBO86HjhlVugKwbjb8i\nxGfGeXy7jaFM/xOfUXyXj1LpUgqP2AejAoIBAFTuTXbEquFykNcKrlvvIcY5Cfho\nMZnxLM5OaFaNB7AhTHp8sIzYmudfXQDBSGtCRP8TgpC7uKltd/FZI26imNZH0Ldu\nvdx6uUhIS1OsmIv25sOMRQ1pegtdI4dkya9cFw+1oJBPOGVgVPXl7Yv1w5mKWnq5\npkraWuJeOQF02pOsLAk23rbz635SIKdc0rA0fPfmedXg27SPZ/HnVRXP+xzlI1+N\nFX1cNIo3nY1rtIYVxp+vLeHybjOeaoG987i34EkqgnM1wI/2UAnc/tB4LOI3idLL\nvAyDGmumyeyNJejj7jyRzIJFnZFrgxTVSeuvN1PzIfZJuEnBVSFNr9TfyPY=\n-----END RSA PRIVATE KEY-----\n",
            "private_key_pem_pkcs8": "-----BEGIN PRIVATE KEY-----\nMIIJQgIBADANBgkqhkiG9w0BAQEFAASCCSwwggkoAgEAAoICAQC7B1uZP9otNFLY\nVOcbM2h/Xsw4hSjjUEZGcQUK8bZ4lqjX0g3tlTxtTQBOGkgbxpv/Xbyt3VNJ4UXD\n0QlSKGOR+9euxO2YWzKuGVhK9WluYw5mH7IW0Q7mF0fxYa0gjR9Hm86bYSFsHnm5\nL+o6BfSnn0vVJakV/WcbhReJv9imhmOmhnfxItU2wherZB7H6a5xfONGs/Fr0TqO\nLIao5J+laQrsHu5DfENGWMEphTi+2nxQ8YdkN70bqdlzZTxjLFHmLO1+NsJxsuX7\nSVsEpOgyQZ7iFk9o0ElSjuMfsPCJqShfatrL96RQfa65XYcd0vyrKewPuaF9NXC8\njRD6HkJo2FADNDDVV9Sfg+2xHb7rfIPtEiS5pSVpkiLfUmKrKTQFtSKGXZEoTl0j\neLFkPlmT2hgOM08xhhLCSKbvZ8dVuNBH9zrgpZ+IB7+oIHDS9CJ/w4J4x+FCTwVy\nNRU0uBMBtuwLy5eRRaC2vi3IEaAk8tdy0k2U4Y+TQhzir//Z0SD7TsUBlVe/4fzz\nbtVG9mWurA9xRa/Sve84JQw+w7zXRwnBqLFoU1tBA6+CD2Tno54PknSXw20kLxrk\nhNJEzwN6R+BVPMTRF3PSrMHZMDJ+BWWqTGHo3bW85Je3QVMMIknr8Aa+QX4YUH/N\nsn7obBm5B0AgD4+efumD/dFU2Hpi4wIDAQABAoICAAP5rw+91LRbRVuFynfAivsS\nF8MnyWuzfBrpMhM+egNsKGCV/WfMYUFtfpEqa9fzS8OMyYLkjm2mlSYJXmpZo2wp\n7zauxuITJiufLEpDlx8aiebPy6hCf0+StRvDWLu1ZDHQdP7GfMBgkXPHOfJLyBx7\n/U+lgkeOYE+sb4ilBETd3GZgu1HrzJ5iV8Bz21eiduvAnNAW6Q3Cn7z/40jZuy73\n4ZyNN8FFdeSb5Fculrsvx66sw5T0vldFL/MM9tCg04jR8aZaIZ3rEIpbz8x0eN8A\nmBD0KnHu43AWy2sUBrjWWJ5Wlhn5xItVcI5OF54hqu80b+kRqAYSSbgoQ3EdjYnF\np9IrNwvLwTq23jLj3NF7Wi55cdiFY1p2UarPvimvo/HLkek848nSv5Eaj9CrdQrz\nw7Fb66y4oFeVowswHNmDVm/uo3AjUUbQPxggnT7ozjgehXtQIEqga9T4snSovuDi\nynUEYjA88/Sec2KSDMO2uZUk65W+1ARMOnMuRy0KD/lA2RibSHvry+R0bAHFuUO1\n/aylqZJw3ZqNGaiakSaDVr4n+sAM7nVy0FIqn89nV4V//rsviVW7Y11BIGIfzrKy\nT+DakNh12MD3IqLYY3fQEJtcRy1qNBx4BvnFQbpESPl7OYe/C5dmTkK+8IqmsenP\n36bQzabA4ZEXYgtuGPcxAoIBAQDkTL9dTCEzrpxCN1cAsQfP8LX6mYFCIHDcgr2z\n+Bwyk4u5R5HOQv2AO/4UP35TBk3Pa5A5xE4WdqgDiHbPGwIaYC93wQyQyV3iYG//\nGQ55ZsA1pEw7MJX2RSeQ1a29/uDtWBesYYrC/iW7Q2H0UUDx4+wlyFas/ZKKrjGX\nXE4CHojc48O/MLiOubyfQEzpDGPk56a99xkkU0dv/UX/BMPTvPJFxSpy9H6xbbUk\nT/Gbkel1EfEsWQxKem5J18sKZEZOY2omykwyeZjvgGNhysjM18AybL5oT8fNJdC2\nxEArwe3XPnze6ZZ4UIZt3I6MhSad6U3anJjXPwO8i9NYREv5AoIBAQDRuK8oc0/W\nCf4X08z2VMN7Yovho3woO/K0f8NEL9rmJ6fVUPmO7tcWpjoiqwKJywU0Rb0UvDTL\nHlxu543iulzF9XeuFkNPkZeUksqnPzqjUwJ/DiuE3EYJRo9Gz7nYiFedCoZAzeTa\nccK9cpKxL7ExC879P3gz4QDa8pFaXXgZzdQ/F+xao2hOs9KYXUHGOIAGq88QCwml\nXNQXtSjgVKNw3SrGLdgfhtmcXHOc+zovNJvR/qS0BPlv6U2Gk7LjKU9a96Z0rbIo\n72rT7vLE+ZbMyNQRxc7ePNoNEl/Ka5lsGoFGuV/4S6ZvT50N//fglEuDWaKGdcSv\nJFl8yjn8XwS7AoIBAQC540vFuaEnJbuRpuGubHbB92sVOzwmDagXxFSWXyUGgWC5\nYe70lVM3wKFm9zPygiWFCD4M6yvx2nd/OPQUOheCRmMgDQ4gLfXFx2Qpv8srSmCi\nzL5NS4gvV6uZoIKxOwEGAD52W43Sq4EpcvolJqvMyRqUwQTiIi3ZwXAboErcKuSh\nhsrxt8fuXomY2ZBGCZKk5YG9F59fFngKVZ1Swhx5IVXbPWkM5MrryTo+8OD3HN2M\nNym6RF9fnUSD17M5KOCeHxBluT5FswC1skI5dBX/xIR4ClcXNC6peWryBeWCO4tf\nQUAHeQbNvDNY7Mcc36XL2hVMNUm1qVdvhCJ3slRxAoIBAEgbTLYGt6tq8h81JmKH\nkFKq9ldVQ4n92pvu1a9rGMNLXSw91CAtxGw4KQLkc1H3KMnpNHKdpzUzMiq7mJAc\n7Wru1ABaDTidYVWnBuBsH/gpwVD4CUR8C+SCix6Yq1hkwGLxTGmZoRbuSDuk2gTr\n1et8GOX/3Y9QzF97STidrH6Kw3ASBKTBTErLDxxt7ACASpyAlAf7E4z0lsOz+OLw\nluVmVZ+gAZANaGKXcvTFeCLk3rJb8Dso/q5Ys9wSik4KVQt83JF/ayMh9kP6AyRw\ngEXWwvt9XHwSxhH6gE7zoeOGVW6ArBuNvyLEZ8Z5fLuNoUz/E59RfJePUulSCo/Y\nB6MCggEAVO5NdsSq4XKQ1wquW+8hxjkJ+GgxmfEszk5oVo0HsCFMenywjNia519d\nAMFIa0JE/xOCkLu4qW138VkjbqKY1kfQt2693Hq5SEhLU6yYi/bmw4xFDWl6C10j\nh2TJr1wXD7WgkE84ZWBU9eXti/XDmYpaermmStpa4l45AXTak6wsCTbetvPrflIg\np1zSsDR89+Z51eDbtI9n8edVFc/7HOUjX40VfVw0ijedjWu0hhXGn68t4fJuM55q\ngb3zuLfgSSqCczXAj/ZQCdz+0Hgs4jeJ0su8DIMaa6bJ7I0l6OPuPJHMgkWdkWuD\nFNVJ6683U/Mh9km4ScFVIU2v1N/I9g==\n-----END PRIVATE KEY-----\n",
            "public_key_fingerprint_md5": "84:9f:47:b3:2d:0e:6c:37:7d:bc:9b:cf:07:69:38:7e",
            "public_key_fingerprint_sha256": "SHA256:NaKgHWOf3hc2VPOjxqHkptUuLYFtoxAklfZSQGARV5k",
            "public_key_openssh": "ssh-rsa AAAAB3NzaC1yc2EAAAADAQABAAACAQC7B1uZP9otNFLYVOcbM2h/Xsw4hSjjUEZGcQUK8bZ4lqjX0g3tlTxtTQBOGkgbxpv/Xbyt3VNJ4UXD0QlSKGOR+9euxO2YWzKuGVhK9WluYw5mH7IW0Q7mF0fxYa0gjR9Hm86bYSFsHnm5L+o6BfSnn0vVJakV/WcbhReJv9imhmOmhnfxItU2wherZB7H6a5xfONGs/Fr0TqOLIao5J+laQrsHu5DfENGWMEphTi+2nxQ8YdkN70bqdlzZTxjLFHmLO1+NsJxsuX7SVsEpOgyQZ7iFk9o0ElSjuMfsPCJqShfatrL96RQfa65XYcd0vyrKewPuaF9NXC8jRD6HkJo2FADNDDVV9Sfg+2xHb7rfIPtEiS5pSVpkiLfUmKrKTQFtSKGXZEoTl0jeLFkPlmT2hgOM08xhhLCSKbvZ8dVuNBH9zrgpZ+IB7+oIHDS9CJ/w4J4x+FCTwVyNRU0uBMBtuwLy5eRRaC2vi3IEaAk8tdy0k2U4Y+TQhzir//Z0SD7TsUBlVe/4fzzbtVG9mWurA9xRa/Sve84JQw+w7zXRwnBqLFoU1tBA6+CD2Tno54PknSXw20kLxrkhNJEzwN6R+BVPMTRF3PSrMHZMDJ+BWWqTGHo3bW85Je3QVMMIknr8Aa+QX4YUH/Nsn7obBm5B0AgD4+efumD/dFU2Hpi4w==\n",
            "public_key_pem": "-----BEGIN PUBLIC KEY-----\nMIICIjANBgkqhkiG9w0BAQEFAAOCAg8AMIICCgKCAgEAuwdbmT/aLTRS2FTnGzNo\nf17MOIUo41BGRnEFCvG2eJao19IN7ZU8bU0AThpIG8ab/128rd1TSeFFw9EJUihj\nkfvXrsTtmFsyrhlYSvVpbmMOZh+yFtEO5hdH8WGtII0fR5vOm2EhbB55uS/qOgX0\np59L1SWpFf1nG4UXib/YpoZjpoZ38SLVNsIXq2Qex+mucXzjRrPxa9E6jiyGqOSf\npWkK7B7uQ3xDRljBKYU4vtp8UPGHZDe9G6nZc2U8YyxR5iztfjbCcbLl+0lbBKTo\nMkGe4hZPaNBJUo7jH7DwiakoX2ray/ekUH2uuV2HHdL8qynsD7mhfTVwvI0Q+h5C\naNhQAzQw1VfUn4PtsR2+63yD7RIkuaUlaZIi31Jiqyk0BbUihl2RKE5dI3ixZD5Z\nk9oYDjNPMYYSwkim72fHVbjQR/c64KWfiAe/qCBw0vQif8OCeMfhQk8FcjUVNLgT\nAbbsC8uXkUWgtr4tyBGgJPLXctJNlOGPk0Ic4q//2dEg+07FAZVXv+H8827VRvZl\nrqwPcUWv0r3vOCUMPsO810cJwaixaFNbQQOvgg9k56OeD5J0l8NtJC8a5ITSRM8D\nekfgVTzE0Rdz0qzB2TAyfgVlqkxh6N21vOSXt0FTDCJJ6/AGvkF+GFB/zbJ+6GwZ\nuQdAIA+Pnn7pg/3RVNh6YuMCAwEAAQ==\n-----END PUBLIC KEY-----\n",
            "rsa_bits": 4096
          },
          "sensitive_attributes": []
        }
      ]
    }
  ],
  "check_results": null
}
